<?xml version="1.0" encoding="utf-8"?>
<Project ToolsVersion="4.0" xmlns="http://schemas.microsoft.com/developer/msbuild/2003">
  <ItemGroup>
    <Filter Include="UnitTest Files">
      <UniqueIdentifier>{4FC737F1-C7A5-4376-A066-2A32D752A2FF}</UniqueIdentifier>
      <Extensions>cpp;c;cc;cxx;c++;cppm;ixx;def;odl;idl;hpj;bat;asm;asmx</Extensions>
    </Filter>
  </ItemGroup>
  <ItemGroup>
    <ClCompile Include="..\..\..\src\test\scheduler_tests.cpp">
      <Filter>UnitTest Files</Filter>
    </ClCompile>
    <ClCompile Include="..\..\..\src\test\sigopcount_tests.cpp">
      <Filter>UnitTest Files</Filter>
    </ClCompile>
    <ClCompile Include="..\..\..\src\test\skiplist_tests.cpp">
      <Filter>UnitTest Files</Filter>
    </ClCompile>
    <ClCompile Include="..\..\..\src\test\test_bitcoin.cpp">
      <Filter>UnitTest Files</Filter>
    </ClCompile>
    <ClCompile Include="..\..\..\src\test\torcontrol_tests.cpp">
      <Filter>UnitTest Files</Filter>
    </ClCompile>
  </ItemGroup>
  <ItemGroup>
    <ClInclude Include="..\..\..\src\test\rpc_tests.h">
      <Filter>UnitTest Files</Filter>
    </ClInclude>
    <ClInclude Include="..\..\..\src\test\test_bitcoin.h">
      <Filter>UnitTest Files</Filter>
    </ClInclude>
  </ItemGroup>
  <ItemGroup>
    <None Include="..\..\..\src\Makefile.test.include" />
  </ItemGroup>
</Project>