
Microsoft Visual Studio Solution File, Format Version 12.00
# Visual Studio Version 16
VisualStudioVersion = 16.0.31019.35
MinimumVisualStudioVersion = 10.0.40219.1
Project("{8BC9CEB8-8B4A-11D0-8D11-00A0C91BC942}") = "pasteld", "pasteld\pasteld.vcxproj", "{B715FB56-5C81-42B1-87FB-821E70B3B9ED}"
EndProject
Project("{8BC9CEB8-8B4A-11D0-8D11-00A0C91BC942}") = "pastel-cli", "pastel-cli\pastel-cli.vcxproj", "{DC08F05D-3F6C-460F-AA12-E735DB28FF19}"
EndProject
Project("{2150E333-8FDC-42A3-9474-1A3956D46DE8}") = "libs", "libs", "{7574C61B-265D-46EB-BA34-FFA4EC69C87B}"
EndProject
Project("{8BC9CEB8-8B4A-11D0-8D11-00A0C91BC942}") = "libsnark", "libsnark\libsnark.vcxproj", "{B09B2AF2-36F8-4253-BA7F-AB38ADC84DA8}"
EndProject
Project("{8BC9CEB8-8B4A-11D0-8D11-00A0C91BC942}") = "libleveldb", "libleveldb\libleveldb.vcxproj", "{6676E813-A860-4CA4-8E8E-33EA16017DFE}"
EndProject
Project("{8BC9CEB8-8B4A-11D0-8D11-00A0C91BC942}") = "libsecp256k1", "libsecp256k1\libsecp256k1.vcxproj", "{EEC46C8D-C06D-460E-BA8C-BFC9073EE9DD}"
EndProject
Project("{2150E333-8FDC-42A3-9474-1A3956D46DE8}") = "tests", "tests", "{9CAA62D7-913A-411B-B232-26EAA150B540}"
EndProject
Project("{8BC9CEB8-8B4A-11D0-8D11-00A0C91BC942}") = "libbitcoin_common", "libbitcoin_common\libbitcoin_common.vcxproj", "{A10F1E67-5DB1-4669-9FE8-074C1E5C3E2C}"
EndProject
Project("{8BC9CEB8-8B4A-11D0-8D11-00A0C91BC942}") = "libbitcoin_crypto", "libbitcoin_crypto\libbitcoin_crypto.vcxproj", "{589094CD-F9CF-455E-AA75-3191E01F5668}"
EndProject
Project("{8BC9CEB8-8B4A-11D0-8D11-00A0C91BC942}") = "libbitcoin_server", "libbitcoin_server\libbitcoin_server.vcxproj", "{FB024855-B4F7-4431-AC11-8265C5206A43}"
EndProject
Project("{8BC9CEB8-8B4A-11D0-8D11-00A0C91BC942}") = "libbitcoin_util", "libbitcoin_util\libbitcoin_util.vcxproj", "{D8FA80EF-6C79-4FAD-B10B-D260EE149EB3}"
EndProject
Project("{8BC9CEB8-8B4A-11D0-8D11-00A0C91BC942}") = "libbitcoin_wallet", "libbitcoin_wallet\libbitcoin_wallet.vcxproj", "{1222B4E5-19AE-4736-9E45-E3A56B25286E}"
EndProject
Project("{8BC9CEB8-8B4A-11D0-8D11-00A0C91BC942}") = "libzcash", "libzcash\libzcash.vcxproj", "{23D47DF6-6E52-41A0-9EC9-B29D622FA1CE}"
EndProject
Project("{8BC9CEB8-8B4A-11D0-8D11-00A0C91BC942}") = "libbitcoin_zmq", "libbitcoin_zmq\libbitcoin_zmq.vcxproj", "{9821BD40-96AB-4389-B6F3-CD76675AE0BF}"
EndProject
Project("{8BC9CEB8-8B4A-11D0-8D11-00A0C91BC942}") = "libunivalue", "libunivalue\libunivalue.vcxproj", "{C90D48F7-0DCF-43FC-8194-1011BD10B1F4}"
EndProject
Project("{8BC9CEB8-8B4A-11D0-8D11-00A0C91BC942}") = "pastel-tx", "pastel-tx\pastel-tx.vcxproj", "{D572FCA5-9D4D-4726-961D-20C42BF915B9}"
EndProject
Project("{8BC9CEB8-8B4A-11D0-8D11-00A0C91BC942}") = "pastel_gtest", "pastel_gtest\pastel_gtest.vcxproj", "{5C3D86D4-AA1C-478E-86C7-E7E7592D98CB}"
EndProject
Project("{8BC9CEB8-8B4A-11D0-8D11-00A0C91BC942}") = "bitcoin_test", "bitcoin_test\bitcoin_test.vcxproj", "{B6111CBF-094A-465C-B5AB-497037D34760}"
EndProject
Global
	GlobalSection(SolutionConfigurationPlatforms) = preSolution
		Debug|x64 = Debug|x64
		Debug|x86 = Debug|x86
		Release|x64 = Release|x64
		Release|x86 = Release|x86
	EndGlobalSection
	GlobalSection(ProjectConfigurationPlatforms) = postSolution
		{B715FB56-5C81-42B1-87FB-821E70B3B9ED}.Debug|x64.ActiveCfg = Debug|x64
		{B715FB56-5C81-42B1-87FB-821E70B3B9ED}.Debug|x64.Build.0 = Debug|x64
		{B715FB56-5C81-42B1-87FB-821E70B3B9ED}.Debug|x86.ActiveCfg = Debug|Win32
		{B715FB56-5C81-42B1-87FB-821E70B3B9ED}.Debug|x86.Build.0 = Debug|Win32
		{B715FB56-5C81-42B1-87FB-821E70B3B9ED}.Release|x64.ActiveCfg = Release|x64
		{B715FB56-5C81-42B1-87FB-821E70B3B9ED}.Release|x64.Build.0 = Release|x64
		{B715FB56-5C81-42B1-87FB-821E70B3B9ED}.Release|x86.ActiveCfg = Release|Win32
		{B715FB56-5C81-42B1-87FB-821E70B3B9ED}.Release|x86.Build.0 = Release|Win32
		{DC08F05D-3F6C-460F-AA12-E735DB28FF19}.Debug|x64.ActiveCfg = Debug|x64
		{DC08F05D-3F6C-460F-AA12-E735DB28FF19}.Debug|x64.Build.0 = Debug|x64
		{DC08F05D-3F6C-460F-AA12-E735DB28FF19}.Debug|x86.ActiveCfg = Debug|Win32
		{DC08F05D-3F6C-460F-AA12-E735DB28FF19}.Debug|x86.Build.0 = Debug|Win32
		{DC08F05D-3F6C-460F-AA12-E735DB28FF19}.Release|x64.ActiveCfg = Release|x64
		{DC08F05D-3F6C-460F-AA12-E735DB28FF19}.Release|x64.Build.0 = Release|x64
		{DC08F05D-3F6C-460F-AA12-E735DB28FF19}.Release|x86.ActiveCfg = Release|Win32
		{DC08F05D-3F6C-460F-AA12-E735DB28FF19}.Release|x86.Build.0 = Release|Win32
		{B09B2AF2-36F8-4253-BA7F-AB38ADC84DA8}.Debug|x64.ActiveCfg = Debug|x64
		{B09B2AF2-36F8-4253-BA7F-AB38ADC84DA8}.Debug|x64.Build.0 = Debug|x64
		{B09B2AF2-36F8-4253-BA7F-AB38ADC84DA8}.Debug|x86.ActiveCfg = Debug|Win32
		{B09B2AF2-36F8-4253-BA7F-AB38ADC84DA8}.Debug|x86.Build.0 = Debug|Win32
		{B09B2AF2-36F8-4253-BA7F-AB38ADC84DA8}.Release|x64.ActiveCfg = Release|x64
		{B09B2AF2-36F8-4253-BA7F-AB38ADC84DA8}.Release|x64.Build.0 = Release|x64
		{B09B2AF2-36F8-4253-BA7F-AB38ADC84DA8}.Release|x86.ActiveCfg = Release|Win32
		{B09B2AF2-36F8-4253-BA7F-AB38ADC84DA8}.Release|x86.Build.0 = Release|Win32
		{6676E813-A860-4CA4-8E8E-33EA16017DFE}.Debug|x64.ActiveCfg = Debug|x64
		{6676E813-A860-4CA4-8E8E-33EA16017DFE}.Debug|x64.Build.0 = Debug|x64
		{6676E813-A860-4CA4-8E8E-33EA16017DFE}.Debug|x86.ActiveCfg = Debug|Win32
		{6676E813-A860-4CA4-8E8E-33EA16017DFE}.Debug|x86.Build.0 = Debug|Win32
		{6676E813-A860-4CA4-8E8E-33EA16017DFE}.Release|x64.ActiveCfg = Release|x64
		{6676E813-A860-4CA4-8E8E-33EA16017DFE}.Release|x64.Build.0 = Release|x64
		{6676E813-A860-4CA4-8E8E-33EA16017DFE}.Release|x86.ActiveCfg = Release|Win32
		{6676E813-A860-4CA4-8E8E-33EA16017DFE}.Release|x86.Build.0 = Release|Win32
		{EEC46C8D-C06D-460E-BA8C-BFC9073EE9DD}.Debug|x64.ActiveCfg = Debug|x64
		{EEC46C8D-C06D-460E-BA8C-BFC9073EE9DD}.Debug|x64.Build.0 = Debug|x64
		{EEC46C8D-C06D-460E-BA8C-BFC9073EE9DD}.Debug|x86.ActiveCfg = Debug|Win32
		{EEC46C8D-C06D-460E-BA8C-BFC9073EE9DD}.Debug|x86.Build.0 = Debug|Win32
		{EEC46C8D-C06D-460E-BA8C-BFC9073EE9DD}.Release|x64.ActiveCfg = Release|x64
		{EEC46C8D-C06D-460E-BA8C-BFC9073EE9DD}.Release|x64.Build.0 = Release|x64
		{EEC46C8D-C06D-460E-BA8C-BFC9073EE9DD}.Release|x86.ActiveCfg = Release|Win32
		{EEC46C8D-C06D-460E-BA8C-BFC9073EE9DD}.Release|x86.Build.0 = Release|Win32
		{A10F1E67-5DB1-4669-9FE8-074C1E5C3E2C}.Debug|x64.ActiveCfg = Debug|x64
		{A10F1E67-5DB1-4669-9FE8-074C1E5C3E2C}.Debug|x64.Build.0 = Debug|x64
		{A10F1E67-5DB1-4669-9FE8-074C1E5C3E2C}.Debug|x86.ActiveCfg = Debug|Win32
		{A10F1E67-5DB1-4669-9FE8-074C1E5C3E2C}.Debug|x86.Build.0 = Debug|Win32
		{A10F1E67-5DB1-4669-9FE8-074C1E5C3E2C}.Release|x64.ActiveCfg = Release|x64
		{A10F1E67-5DB1-4669-9FE8-074C1E5C3E2C}.Release|x64.Build.0 = Release|x64
		{A10F1E67-5DB1-4669-9FE8-074C1E5C3E2C}.Release|x86.ActiveCfg = Release|Win32
		{A10F1E67-5DB1-4669-9FE8-074C1E5C3E2C}.Release|x86.Build.0 = Release|Win32
		{589094CD-F9CF-455E-AA75-3191E01F5668}.Debug|x64.ActiveCfg = Debug|x64
		{589094CD-F9CF-455E-AA75-3191E01F5668}.Debug|x64.Build.0 = Debug|x64
		{589094CD-F9CF-455E-AA75-3191E01F5668}.Debug|x86.ActiveCfg = Debug|Win32
		{589094CD-F9CF-455E-AA75-3191E01F5668}.Debug|x86.Build.0 = Debug|Win32
		{589094CD-F9CF-455E-AA75-3191E01F5668}.Release|x64.ActiveCfg = Release|x64
		{589094CD-F9CF-455E-AA75-3191E01F5668}.Release|x64.Build.0 = Release|x64
		{589094CD-F9CF-455E-AA75-3191E01F5668}.Release|x86.ActiveCfg = Release|Win32
		{589094CD-F9CF-455E-AA75-3191E01F5668}.Release|x86.Build.0 = Release|Win32
		{FB024855-B4F7-4431-AC11-8265C5206A43}.Debug|x64.ActiveCfg = Debug|x64
		{FB024855-B4F7-4431-AC11-8265C5206A43}.Debug|x64.Build.0 = Debug|x64
		{FB024855-B4F7-4431-AC11-8265C5206A43}.Debug|x86.ActiveCfg = Debug|Win32
		{FB024855-B4F7-4431-AC11-8265C5206A43}.Debug|x86.Build.0 = Debug|Win32
		{FB024855-B4F7-4431-AC11-8265C5206A43}.Release|x64.ActiveCfg = Release|x64
		{FB024855-B4F7-4431-AC11-8265C5206A43}.Release|x64.Build.0 = Release|x64
		{FB024855-B4F7-4431-AC11-8265C5206A43}.Release|x86.ActiveCfg = Release|Win32
		{FB024855-B4F7-4431-AC11-8265C5206A43}.Release|x86.Build.0 = Release|Win32
		{D8FA80EF-6C79-4FAD-B10B-D260EE149EB3}.Debug|x64.ActiveCfg = Debug|x64
		{D8FA80EF-6C79-4FAD-B10B-D260EE149EB3}.Debug|x64.Build.0 = Debug|x64
		{D8FA80EF-6C79-4FAD-B10B-D260EE149EB3}.Debug|x86.ActiveCfg = Debug|Win32
		{D8FA80EF-6C79-4FAD-B10B-D260EE149EB3}.Debug|x86.Build.0 = Debug|Win32
		{D8FA80EF-6C79-4FAD-B10B-D260EE149EB3}.Release|x64.ActiveCfg = Release|x64
		{D8FA80EF-6C79-4FAD-B10B-D260EE149EB3}.Release|x64.Build.0 = Release|x64
		{D8FA80EF-6C79-4FAD-B10B-D260EE149EB3}.Release|x86.ActiveCfg = Release|Win32
		{D8FA80EF-6C79-4FAD-B10B-D260EE149EB3}.Release|x86.Build.0 = Release|Win32
		{1222B4E5-19AE-4736-9E45-E3A56B25286E}.Debug|x64.ActiveCfg = Debug|x64
		{1222B4E5-19AE-4736-9E45-E3A56B25286E}.Debug|x64.Build.0 = Debug|x64
		{1222B4E5-19AE-4736-9E45-E3A56B25286E}.Debug|x86.ActiveCfg = Debug|Win32
		{1222B4E5-19AE-4736-9E45-E3A56B25286E}.Debug|x86.Build.0 = Debug|Win32
		{1222B4E5-19AE-4736-9E45-E3A56B25286E}.Release|x64.ActiveCfg = Release|x64
		{1222B4E5-19AE-4736-9E45-E3A56B25286E}.Release|x64.Build.0 = Release|x64
		{1222B4E5-19AE-4736-9E45-E3A56B25286E}.Release|x86.ActiveCfg = Release|Win32
		{1222B4E5-19AE-4736-9E45-E3A56B25286E}.Release|x86.Build.0 = Release|Win32
		{23D47DF6-6E52-41A0-9EC9-B29D622FA1CE}.Debug|x64.ActiveCfg = Debug|x64
		{23D47DF6-6E52-41A0-9EC9-B29D622FA1CE}.Debug|x64.Build.0 = Debug|x64
		{23D47DF6-6E52-41A0-9EC9-B29D622FA1CE}.Debug|x86.ActiveCfg = Debug|Win32
		{23D47DF6-6E52-41A0-9EC9-B29D622FA1CE}.Debug|x86.Build.0 = Debug|Win32
		{23D47DF6-6E52-41A0-9EC9-B29D622FA1CE}.Release|x64.ActiveCfg = Release|x64
		{23D47DF6-6E52-41A0-9EC9-B29D622FA1CE}.Release|x64.Build.0 = Release|x64
		{23D47DF6-6E52-41A0-9EC9-B29D622FA1CE}.Release|x86.ActiveCfg = Release|Win32
		{23D47DF6-6E52-41A0-9EC9-B29D622FA1CE}.Release|x86.Build.0 = Release|Win32
		{9821BD40-96AB-4389-B6F3-CD76675AE0BF}.Debug|x64.ActiveCfg = Debug|x64
		{9821BD40-96AB-4389-B6F3-CD76675AE0BF}.Debug|x64.Build.0 = Debug|x64
		{9821BD40-96AB-4389-B6F3-CD76675AE0BF}.Debug|x86.ActiveCfg = Debug|Win32
		{9821BD40-96AB-4389-B6F3-CD76675AE0BF}.Debug|x86.Build.0 = Debug|Win32
		{9821BD40-96AB-4389-B6F3-CD76675AE0BF}.Release|x64.ActiveCfg = Release|x64
		{9821BD40-96AB-4389-B6F3-CD76675AE0BF}.Release|x64.Build.0 = Release|x64
		{9821BD40-96AB-4389-B6F3-CD76675AE0BF}.Release|x86.ActiveCfg = Release|Win32
		{9821BD40-96AB-4389-B6F3-CD76675AE0BF}.Release|x86.Build.0 = Release|Win32
		{C90D48F7-0DCF-43FC-8194-1011BD10B1F4}.Debug|x64.ActiveCfg = Debug|x64
		{C90D48F7-0DCF-43FC-8194-1011BD10B1F4}.Debug|x64.Build.0 = Debug|x64
		{C90D48F7-0DCF-43FC-8194-1011BD10B1F4}.Debug|x86.ActiveCfg = Debug|Win32
		{C90D48F7-0DCF-43FC-8194-1011BD10B1F4}.Debug|x86.Build.0 = Debug|Win32
		{C90D48F7-0DCF-43FC-8194-1011BD10B1F4}.Release|x64.ActiveCfg = Release|x64
		{C90D48F7-0DCF-43FC-8194-1011BD10B1F4}.Release|x64.Build.0 = Release|x64
		{C90D48F7-0DCF-43FC-8194-1011BD10B1F4}.Release|x86.ActiveCfg = Release|Win32
		{C90D48F7-0DCF-43FC-8194-1011BD10B1F4}.Release|x86.Build.0 = Release|Win32
		{D572FCA5-9D4D-4726-961D-20C42BF915B9}.Debug|x64.ActiveCfg = Debug|x64
		{D572FCA5-9D4D-4726-961D-20C42BF915B9}.Debug|x64.Build.0 = Debug|x64
		{D572FCA5-9D4D-4726-961D-20C42BF915B9}.Debug|x86.ActiveCfg = Debug|Win32
		{D572FCA5-9D4D-4726-961D-20C42BF915B9}.Debug|x86.Build.0 = Debug|Win32
		{D572FCA5-9D4D-4726-961D-20C42BF915B9}.Release|x64.ActiveCfg = Release|x64
		{D572FCA5-9D4D-4726-961D-20C42BF915B9}.Release|x64.Build.0 = Release|x64
		{D572FCA5-9D4D-4726-961D-20C42BF915B9}.Release|x86.ActiveCfg = Release|Win32
		{D572FCA5-9D4D-4726-961D-20C42BF915B9}.Release|x86.Build.0 = Release|Win32
		{5C3D86D4-AA1C-478E-86C7-E7E7592D98CB}.Debug|x64.ActiveCfg = Debug|x64
		{5C3D86D4-AA1C-478E-86C7-E7E7592D98CB}.Debug|x64.Build.0 = Debug|x64
		{5C3D86D4-AA1C-478E-86C7-E7E7592D98CB}.Debug|x86.ActiveCfg = Debug|Win32
		{5C3D86D4-AA1C-478E-86C7-E7E7592D98CB}.Debug|x86.Build.0 = Debug|Win32
		{5C3D86D4-AA1C-478E-86C7-E7E7592D98CB}.Release|x64.ActiveCfg = Release|x64
		{5C3D86D4-AA1C-478E-86C7-E7E7592D98CB}.Release|x64.Build.0 = Release|x64
		{5C3D86D4-AA1C-478E-86C7-E7E7592D98CB}.Release|x86.ActiveCfg = Release|Win32
		{5C3D86D4-AA1C-478E-86C7-E7E7592D98CB}.Release|x86.Build.0 = Release|Win32
		{B6111CBF-094A-465C-B5AB-497037D34760}.Debug|x64.ActiveCfg = Debug|x64
		{B6111CBF-094A-465C-B5AB-497037D34760}.Debug|x64.Build.0 = Debug|x64
		{B6111CBF-094A-465C-B5AB-497037D34760}.Debug|x86.ActiveCfg = Debug|Win32
		{B6111CBF-094A-465C-B5AB-497037D34760}.Debug|x86.Build.0 = Debug|Win32
		{B6111CBF-094A-465C-B5AB-497037D34760}.Release|x64.ActiveCfg = Release|x64
		{B6111CBF-094A-465C-B5AB-497037D34760}.Release|x64.Build.0 = Release|x64
		{B6111CBF-094A-465C-B5AB-497037D34760}.Release|x86.ActiveCfg = Release|Win32
		{B6111CBF-094A-465C-B5AB-497037D34760}.Release|x86.Build.0 = Release|Win32
	EndGlobalSection
	GlobalSection(SolutionProperties) = preSolution
		HideSolutionNode = FALSE
	EndGlobalSection
	GlobalSection(NestedProjects) = preSolution
		{B09B2AF2-36F8-4253-BA7F-AB38ADC84DA8} = {7574C61B-265D-46EB-BA34-FFA4EC69C87B}
		{6676E813-A860-4CA4-8E8E-33EA16017DFE} = {7574C61B-265D-46EB-BA34-FFA4EC69C87B}
		{EEC46C8D-C06D-460E-BA8C-BFC9073EE9DD} = {7574C61B-265D-46EB-BA34-FFA4EC69C87B}
		{A10F1E67-5DB1-4669-9FE8-074C1E5C3E2C} = {7574C61B-265D-46EB-BA34-FFA4EC69C87B}
		{589094CD-F9CF-455E-AA75-3191E01F5668} = {7574C61B-265D-46EB-BA34-FFA4EC69C87B}
		{FB024855-B4F7-4431-AC11-8265C5206A43} = {7574C61B-265D-46EB-BA34-FFA4EC69C87B}
		{D8FA80EF-6C79-4FAD-B10B-D260EE149EB3} = {7574C61B-265D-46EB-BA34-FFA4EC69C87B}
		{1222B4E5-19AE-4736-9E45-E3A56B25286E} = {7574C61B-265D-46EB-BA34-FFA4EC69C87B}
		{23D47DF6-6E52-41A0-9EC9-B29D622FA1CE} = {7574C61B-265D-46EB-BA34-FFA4EC69C87B}
		{9821BD40-96AB-4389-B6F3-CD76675AE0BF} = {7574C61B-265D-46EB-BA34-FFA4EC69C87B}
		{C90D48F7-0DCF-43FC-8194-1011BD10B1F4} = {7574C61B-265D-46EB-BA34-FFA4EC69C87B}
		{5C3D86D4-AA1C-478E-86C7-E7E7592D98CB} = {9CAA62D7-913A-411B-B232-26EAA150B540}
		{B6111CBF-094A-465C-B5AB-497037D34760} = {9CAA62D7-913A-411B-B232-26EAA150B540}
	EndGlobalSection
	GlobalSection(ExtensibilityGlobals) = postSolution
		SolutionGuid = {DA395368-D974-433A-A789-455C901C9835}
	EndGlobalSection
EndGlobal
