<?xml version="1.0" encoding="utf-8"?>
<Project ToolsVersion="4.0" xmlns="http://schemas.microsoft.com/developer/msbuild/2003">
  <ItemGroup>
    <Filter Include="Source Files">
      <UniqueIdentifier>{4FC737F1-C7A5-4376-A066-2A32D752A2FF}</UniqueIdentifier>
      <Extensions>cpp;c;cc;cxx;c++;cppm;ixx;def;odl;idl;hpj;bat;asm;asmx</Extensions>
    </Filter>
    <Filter Include="Source Files\wallet">
      <UniqueIdentifier>{25199bac-11c2-4f28-9dbc-f374fcd9d15c}</UniqueIdentifier>
    </Filter>
  </ItemGroup>
  <ItemGroup>
    <ClCompile Include="..\..\..\src\zcbenchmarks.cpp">
      <Filter>Source Files</Filter>
    </ClCompile>
    <ClCompile Include="..\..\..\src\wallet\asyncrpcoperation_mergetoaddress.cpp">
      <Filter>Source Files\wallet</Filter>
    </ClCompile>
    <ClCompile Include="..\..\..\src\wallet\asyncrpcoperation_sendmany.cpp">
      <Filter>Source Files\wallet</Filter>
    </ClCompile>
    <ClCompile Include="..\..\..\src\wallet\asyncrpcoperation_shieldcoinbase.cpp">
      <Filter>Source Files\wallet</Filter>
    </ClCompile>
    <ClCompile Include="..\..\..\src\wallet\crypter.cpp">
      <Filter>Source Files\wallet</Filter>
    </ClCompile>
    <ClCompile Include="..\..\..\src\wallet\db.cpp">
      <Filter>Source Files\wallet</Filter>
    </ClCompile>
    <ClCompile Include="..\..\..\src\wallet\rpcdisclosure.cpp">
      <Filter>Source Files\wallet</Filter>
    </ClCompile>
    <ClCompile Include="..\..\..\src\wallet\rpcdump.cpp">
      <Filter>Source Files\wallet</Filter>
    </ClCompile>
    <ClCompile Include="..\..\..\src\wallet\rpcwallet.cpp">
      <Filter>Source Files\wallet</Filter>
    </ClCompile>
    <ClCompile Include="..\..\..\src\wallet\wallet.cpp">
      <Filter>Source Files\wallet</Filter>
    </ClCompile>
    <ClCompile Include="..\..\..\src\wallet\walletdb.cpp">
      <Filter>Source Files\wallet</Filter>
    </ClCompile>
    <ClCompile Include="..\..\..\src\wallet\wallet_ismine.cpp">
      <Filter>Source Files\wallet</Filter>
    </ClCompile>
    <ClCompile Include="..\..\..\src\wallet\paymentdisclosure.cpp">
      <Filter>Source Files\wallet</Filter>
    </ClCompile>
    <ClCompile Include="..\..\..\src\wallet\paymentdisclosuredb.cpp">
      <Filter>Source Files\wallet</Filter>
    </ClCompile>
  </ItemGroup>
  <ItemGroup>
    <ClInclude Include="..\..\..\src\zcbenchmarks.h">
      <Filter>Source Files</Filter>
    </ClInclude>
    <ClInclude Include="..\..\..\src\wallet\asyncrpcoperation_mergetoaddress.h">
      <Filter>Source Files\wallet</Filter>
    </ClInclude>
    <ClInclude Include="..\..\..\src\wallet\asyncrpcoperation_sendmany.h">
      <Filter>Source Files\wallet</Filter>
    </ClInclude>
    <ClInclude Include="..\..\..\src\wallet\asyncrpcoperation_shieldcoinbase.h">
      <Filter>Source Files\wallet</Filter>
    </ClInclude>
    <ClInclude Include="..\..\..\src\wallet\crypter.h">
      <Filter>Source Files\wallet</Filter>
    </ClInclude>
    <ClInclude Include="..\..\..\src\wallet\db.h">
      <Filter>Source Files\wallet</Filter>
    </ClInclude>
    <ClInclude Include="..\..\..\src\wallet\rpcwallet.h">
      <Filter>Source Files\wallet</Filter>
    </ClInclude>
    <ClInclude Include="..\..\..\src\wallet\wallet.h">
      <Filter>Source Files\wallet</Filter>
    </ClInclude>
    <ClInclude Include="..\..\..\src\wallet\walletdb.h">
      <Filter>Source Files\wallet</Filter>
    </ClInclude>
    <ClInclude Include="..\..\..\src\wallet\wallet_ismine.h">
      <Filter>Source Files\wallet</Filter>
    </ClInclude>
    <ClInclude Include="..\..\..\src\wallet\paymentdisclosure.h">
      <Filter>Source Files\wallet</Filter>
    </ClInclude>
    <ClInclude Include="..\..\..\src\wallet\paymentdisclosuredb.h">
      <Filter>Source Files\wallet</Filter>
    </ClInclude>
  </ItemGroup>
</Project>