<?xml version="1.0" encoding="utf-8"?>
<Project ToolsVersion="4.0" xmlns="http://schemas.microsoft.com/developer/msbuild/2003">
  <ItemGroup>
    <Filter Include="UnitTest Files">
      <UniqueIdentifier>{4FC737F1-C7A5-4376-A066-2A32D752A2FF}</UniqueIdentifier>
      <Extensions>cpp;c;cc;cxx;c++;cppm;ixx;def;odl;idl;hpj;bat;asm;asmx</Extensions>
    </Filter>
  </ItemGroup>
  <ItemGroup>
    <ClCompile Include="..\..\..\src\test\accounting_tests.cpp">
      <Filter>UnitTest Files</Filter>
    </ClCompile>
    <ClCompile Include="..\..\..\src\test\addrman_tests.cpp">
      <Filter>UnitTest Files</Filter>
    </ClCompile>
    <ClCompile Include="..\..\..\src\test\alert_tests.cpp">
      <Filter>UnitTest Files</Filter>
    </ClCompile>
    <ClCompile Include="..\..\..\src\test\allocator_tests.cpp">
      <Filter>UnitTest Files</Filter>
    </ClCompile>
    <ClCompile Include="..\..\..\src\test\arith_uint256_tests.cpp">
      <Filter>UnitTest Files</Filter>
    </ClCompile>
    <ClCompile Include="..\..\..\src\test\base32_tests.cpp">
      <Filter>UnitTest Files</Filter>
    </ClCompile>
    <ClCompile Include="..\..\..\src\test\base58_tests.cpp">
      <Filter>UnitTest Files</Filter>
    </ClCompile>
    <ClCompile Include="..\..\..\src\test\base64_tests.cpp">
      <Filter>UnitTest Files</Filter>
    </ClCompile>
    <ClCompile Include="..\..\..\src\test\bech32_tests.cpp">
      <Filter>UnitTest Files</Filter>
    </ClCompile>
    <ClCompile Include="..\..\..\src\test\bip32_tests.cpp">
      <Filter>UnitTest Files</Filter>
    </ClCompile>
    <ClCompile Include="..\..\..\src\test\bloom_tests.cpp">
      <Filter>UnitTest Files</Filter>
    </ClCompile>
    <ClCompile Include="..\..\..\src\test\checkblock_tests.cpp">
      <Filter>UnitTest Files</Filter>
    </ClCompile>
    <ClCompile Include="..\..\..\src\test\Checkpoints_tests.cpp">
      <Filter>UnitTest Files</Filter>
    </ClCompile>
    <ClCompile Include="..\..\..\src\test\coins_tests.cpp">
      <Filter>UnitTest Files</Filter>
    </ClCompile>
    <ClCompile Include="..\..\..\src\test\compress_tests.cpp">
      <Filter>UnitTest Files</Filter>
    </ClCompile>
    <ClCompile Include="..\..\..\src\test\convertbits_tests.cpp">
      <Filter>UnitTest Files</Filter>
    </ClCompile>
    <ClCompile Include="..\..\..\src\test\crypto_tests.cpp">
      <Filter>UnitTest Files</Filter>
    </ClCompile>
    <ClCompile Include="..\..\..\src\test\dbwrapper_tests.cpp">
      <Filter>UnitTest Files</Filter>
    </ClCompile>
    <ClCompile Include="..\..\..\src\test\DoS_tests.cpp">
      <Filter>UnitTest Files</Filter>
    </ClCompile>
    <ClCompile Include="..\..\..\src\test\equihash_tests.cpp">
      <Filter>UnitTest Files</Filter>
    </ClCompile>
    <ClCompile Include="..\..\..\src\test\getarg_tests.cpp">
      <Filter>UnitTest Files</Filter>
    </ClCompile>
    <ClCompile Include="..\..\..\src\test\hash_tests.cpp">
      <Filter>UnitTest Files</Filter>
    </ClCompile>
    <ClCompile Include="..\..\..\src\test\key_tests.cpp">
      <Filter>UnitTest Files</Filter>
    </ClCompile>
    <ClCompile Include="..\..\..\src\test\main_tests.cpp">
      <Filter>UnitTest Files</Filter>
    </ClCompile>
    <ClCompile Include="..\..\..\src\test\mempool_tests.cpp">
      <Filter>UnitTest Files</Filter>
    </ClCompile>
    <ClCompile Include="..\..\..\src\test\miner_tests.cpp">
      <Filter>UnitTest Files</Filter>
    </ClCompile>
    <ClCompile Include="..\..\..\src\test\mruset_tests.cpp">
      <Filter>UnitTest Files</Filter>
    </ClCompile>
    <ClCompile Include="..\..\..\src\test\multisig_tests.cpp">
      <Filter>UnitTest Files</Filter>
    </ClCompile>
    <ClCompile Include="..\..\..\src\test\netbase_tests.cpp">
      <Filter>UnitTest Files</Filter>
    </ClCompile>
    <ClCompile Include="..\..\..\src\test\pmt_tests.cpp">
      <Filter>UnitTest Files</Filter>
    </ClCompile>
    <ClCompile Include="..\..\..\src\test\policyestimator_tests.cpp">
      <Filter>UnitTest Files</Filter>
    </ClCompile>
    <ClCompile Include="..\..\..\src\test\pow_tests.cpp">
      <Filter>UnitTest Files</Filter>
    </ClCompile>
    <ClCompile Include="..\..\..\src\test\prevector_tests.cpp">
      <Filter>UnitTest Files</Filter>
    </ClCompile>
    <ClCompile Include="..\..\..\src\test\raii_event_tests.cpp">
      <Filter>UnitTest Files</Filter>
    </ClCompile>
    <ClCompile Include="..\..\..\src\test\reverselock_tests.cpp">
      <Filter>UnitTest Files</Filter>
    </ClCompile>
    <ClCompile Include="..\..\..\src\test\rpc_tests.cpp">
      <Filter>UnitTest Files</Filter>
    </ClCompile>
    <ClCompile Include="..\..\..\src\test\rpc_wallet_tests.cpp">
      <Filter>UnitTest Files</Filter>
    </ClCompile>
    <ClCompile Include="..\..\..\src\test\sanity_tests.cpp">
      <Filter>UnitTest Files</Filter>
    </ClCompile>
    <ClCompile Include="..\..\..\src\test\scheduler_tests.cpp">
      <Filter>UnitTest Files</Filter>
    </ClCompile>
    <ClCompile Include="..\..\..\src\test\script_P2SH_tests.cpp">
      <Filter>UnitTest Files</Filter>
    </ClCompile>
    <ClCompile Include="..\..\..\src\test\script_tests.cpp">
      <Filter>UnitTest Files</Filter>
    </ClCompile>
    <ClCompile Include="..\..\..\src\test\scriptnum_tests.cpp">
      <Filter>UnitTest Files</Filter>
    </ClCompile>
    <ClCompile Include="..\..\..\src\test\serialize_tests.cpp">
      <Filter>UnitTest Files</Filter>
    </ClCompile>
    <ClCompile Include="..\..\..\src\test\sha256compress_tests.cpp">
      <Filter>UnitTest Files</Filter>
    </ClCompile>
    <ClCompile Include="..\..\..\src\test\sighash_tests.cpp">
      <Filter>UnitTest Files</Filter>
    </ClCompile>
    <ClCompile Include="..\..\..\src\test\sigopcount_tests.cpp">
      <Filter>UnitTest Files</Filter>
    </ClCompile>
    <ClCompile Include="..\..\..\src\test\skiplist_tests.cpp">
      <Filter>UnitTest Files</Filter>
    </ClCompile>
    <ClCompile Include="..\..\..\src\test\test_bitcoin.cpp">
      <Filter>UnitTest Files</Filter>
    </ClCompile>
    <ClCompile Include="..\..\..\src\test\timedata_tests.cpp">
      <Filter>UnitTest Files</Filter>
    </ClCompile>
    <ClCompile Include="..\..\..\src\test\torcontrol_tests.cpp">
      <Filter>UnitTest Files</Filter>
    </ClCompile>
    <ClCompile Include="..\..\..\src\test\transaction_tests.cpp">
      <Filter>UnitTest Files</Filter>
    </ClCompile>
    <ClCompile Include="..\..\..\src\test\uint256_tests.cpp">
      <Filter>UnitTest Files</Filter>
    </ClCompile>
    <ClCompile Include="..\..\..\src\test\univalue_tests.cpp">
      <Filter>UnitTest Files</Filter>
    </ClCompile>
    <ClCompile Include="..\..\..\src\test\util_tests.cpp">
      <Filter>UnitTest Files</Filter>
    </ClCompile>
    <ClCompile Include="..\..\..\src\wallet\test\wallet_tests.cpp">
      <Filter>UnitTest Files</Filter>
    </ClCompile>
  </ItemGroup>
  <ItemGroup>
    <ClInclude Include="..\..\..\src\test\bignum.h">
      <Filter>UnitTest Files</Filter>
    </ClInclude>
    <ClInclude Include="..\..\..\src\test\rpc_tests.h">
      <Filter>UnitTest Files</Filter>
    </ClInclude>
    <ClInclude Include="..\..\..\src\test\test_bitcoin.h">
      <Filter>UnitTest Files</Filter>
    </ClInclude>
  </ItemGroup>
  <ItemGroup>
    <None Include="..\..\..\src\test\README.md">
      <Filter>UnitTest Files</Filter>
    </None>
  </ItemGroup>
</Project>