<?xml version="1.0" encoding="utf-8"?>
<Project ToolsVersion="4.0" xmlns="http://schemas.microsoft.com/developer/msbuild/2003">
  <ItemGroup>
    <Filter Include="Source Files">
      <UniqueIdentifier>{4FC737F1-C7A5-4376-A066-2A32D752A2FF}</UniqueIdentifier>
      <Extensions>cpp;c;cc;cxx;c++;cppm;ixx;def;odl;idl;hpj;bat;asm;asmx</Extensions>
    </Filter>
    <Filter Include="Resource Files">
      <UniqueIdentifier>{67DA6AB6-F800-4c08-8B7A-83BB121AAD01}</UniqueIdentifier>
      <Extensions>rc;ico;cur;bmp;dlg;rc2;rct;bin;rgs;gif;jpg;jpeg;jpe;resx;tiff;tif;png;wav;mfcribbon-ms</Extensions>
    </Filter>
    <Filter Include="Source Files\zcash">
      <UniqueIdentifier>{86fa6410-e2c0-4316-9601-02dd45ef1348}</UniqueIdentifier>
    </Filter>
    <Filter Include="Source Files\zcash\address">
      <UniqueIdentifier>{06ab9bd0-4019-4430-a644-633b125655fd}</UniqueIdentifier>
    </Filter>
  </ItemGroup>
  <ItemGroup>
    <ClCompile Include="..\..\..\src\zcash\Address.cpp">
      <Filter>Source Files\zcash</Filter>
    </ClCompile>
    <ClCompile Include="..\..\..\src\zcash\IncrementalMerkleTree.cpp">
      <Filter>Source Files\zcash</Filter>
    </ClCompile>
    <ClCompile Include="..\..\..\src\zcash\JoinSplit.cpp">
      <Filter>Source Files\zcash</Filter>
    </ClCompile>
    <ClCompile Include="..\..\..\src\zcash\Note.cpp">
      <Filter>Source Files\zcash</Filter>
    </ClCompile>
    <ClCompile Include="..\..\..\src\zcash\NoteEncryption.cpp">
      <Filter>Source Files\zcash</Filter>
    </ClCompile>
    <ClCompile Include="..\..\..\src\zcash\prf.cpp">
      <Filter>Source Files\zcash</Filter>
    </ClCompile>
    <ClCompile Include="..\..\..\src\zcash\Proof.cpp">
      <Filter>Source Files\zcash</Filter>
    </ClCompile>
    <ClCompile Include="..\..\..\src\zcash\util.cpp">
      <Filter>Source Files\zcash</Filter>
    </ClCompile>
    <ClCompile Include="..\..\..\src\zcash\address\sapling.cpp">
      <Filter>Source Files\zcash\address</Filter>
    </ClCompile>
    <ClCompile Include="..\..\..\src\zcash\address\sprout.cpp">
      <Filter>Source Files\zcash\address</Filter>
    </ClCompile>
    <ClCompile Include="..\..\..\src\zcash\address\zip32.cpp">
      <Filter>Source Files\zcash\address</Filter>
    </ClCompile>
  </ItemGroup>
  <ItemGroup>
    <ClInclude Include="..\..\..\src\zcash\Address.hpp">
      <Filter>Source Files\zcash</Filter>
    </ClInclude>
    <ClInclude Include="..\..\..\src\zcash\IncrementalMerkleTree.hpp">
      <Filter>Source Files\zcash</Filter>
    </ClInclude>
    <ClInclude Include="..\..\..\src\zcash\JoinSplit.hpp">
      <Filter>Source Files\zcash</Filter>
    </ClInclude>
    <ClInclude Include="..\..\..\src\zcash\Note.hpp">
      <Filter>Source Files\zcash</Filter>
    </ClInclude>
    <ClInclude Include="..\..\..\src\zcash\NoteEncryption.hpp">
      <Filter>Source Files\zcash</Filter>
    </ClInclude>
    <ClInclude Include="..\..\..\src\zcash\prf.h">
      <Filter>Source Files\zcash</Filter>
    </ClInclude>
    <ClInclude Include="..\..\..\src\zcash\Proof.hpp">
      <Filter>Source Files\zcash</Filter>
    </ClInclude>
    <ClInclude Include="..\..\..\src\zcash\util.h">
      <Filter>Source Files\zcash</Filter>
    </ClInclude>
    <ClInclude Include="..\..\..\src\zcash\Zcash.h">
      <Filter>Source Files\zcash</Filter>
    </ClInclude>
    <ClInclude Include="..\..\..\src\zcash\address\sapling.hpp">
      <Filter>Source Files\zcash\address</Filter>
    </ClInclude>
    <ClInclude Include="..\..\..\src\zcash\address\sprout.hpp">
      <Filter>Source Files\zcash\address</Filter>
    </ClInclude>
    <ClInclude Include="..\..\..\src\zcash\address\zip32.h">
      <Filter>Source Files\zcash\address</Filter>
    </ClInclude>
  </ItemGroup>
</Project>