<?xml version="1.0" encoding="utf-8"?>
<Project ToolsVersion="4.0" xmlns="http://schemas.microsoft.com/developer/msbuild/2003">
  <ItemGroup>
    <Filter Include="Source Files">
      <UniqueIdentifier>{4FC737F1-C7A5-4376-A066-2A32D752A2FF}</UniqueIdentifier>
      <Extensions>cpp;c;cc;cxx;c++;cppm;ixx;def;odl;idl;hpj;bat;asm;asmx</Extensions>
    </Filter>
    <Filter Include="Source Files\consensus">
      <UniqueIdentifier>{c59b67f3-b419-4d72-93bb-d06b9b30ea0a}</UniqueIdentifier>
    </Filter>
    <Filter Include="Source Files\primitives">
      <UniqueIdentifier>{18c5341e-38a5-43dc-b2ed-536396202818}</UniqueIdentifier>
    </Filter>
    <Filter Include="Source Files\script">
      <UniqueIdentifier>{25589cb1-47ee-4baa-8c2f-13098b8c1c58}</UniqueIdentifier>
    </Filter>
  </ItemGroup>
  <ItemGroup>
    <ClCompile Include="..\..\..\src\amount.cpp">
      <Filter>Source Files</Filter>
    </ClCompile>
    <ClCompile Include="..\..\..\src\arith_uint256.cpp">
      <Filter>Source Files</Filter>
    </ClCompile>
    <ClCompile Include="..\..\..\src\base58.cpp">
      <Filter>Source Files</Filter>
    </ClCompile>
    <ClCompile Include="..\..\..\src\bech32.cpp">
      <Filter>Source Files</Filter>
    </ClCompile>
    <ClCompile Include="..\..\..\src\chainparams.cpp">
      <Filter>Source Files</Filter>
    </ClCompile>
    <ClCompile Include="..\..\..\src\coins.cpp">
      <Filter>Source Files</Filter>
    </ClCompile>
    <ClCompile Include="..\..\..\src\compressor.cpp">
      <Filter>Source Files</Filter>
    </ClCompile>
    <ClCompile Include="..\..\..\src\consensus\upgrades.cpp">
      <Filter>Source Files\consensus</Filter>
    </ClCompile>
    <ClCompile Include="..\..\..\src\core_read.cpp">
      <Filter>Source Files</Filter>
    </ClCompile>
    <ClCompile Include="..\..\..\src\core_write.cpp">
      <Filter>Source Files</Filter>
    </ClCompile>
    <ClCompile Include="..\..\..\src\hash.cpp">
      <Filter>Source Files</Filter>
    </ClCompile>
    <ClCompile Include="..\..\..\src\key.cpp">
      <Filter>Source Files</Filter>
    </ClCompile>
    <ClCompile Include="..\..\..\src\key_io.cpp">
      <Filter>Source Files</Filter>
    </ClCompile>
    <ClCompile Include="..\..\..\src\keystore.cpp">
      <Filter>Source Files</Filter>
    </ClCompile>
    <ClCompile Include="..\..\..\src\netbase.cpp">
      <Filter>Source Files</Filter>
    </ClCompile>
    <ClCompile Include="..\..\..\src\primitives\block.cpp">
      <Filter>Source Files\primitives</Filter>
    </ClCompile>
    <ClCompile Include="..\..\..\src\primitives\transaction.cpp">
      <Filter>Source Files\primitives</Filter>
    </ClCompile>
    <ClCompile Include="..\..\..\src\protocol.cpp">
      <Filter>Source Files</Filter>
    </ClCompile>
    <ClCompile Include="..\..\..\src\pubkey.cpp">
      <Filter>Source Files</Filter>
    </ClCompile>
    <ClCompile Include="..\..\..\src\scheduler.cpp">
      <Filter>Source Files</Filter>
    </ClCompile>
    <ClCompile Include="..\..\..\src\script\interpreter.cpp">
      <Filter>Source Files\script</Filter>
    </ClCompile>
    <ClCompile Include="..\..\..\src\script\script.cpp">
      <Filter>Source Files\script</Filter>
    </ClCompile>
    <ClCompile Include="..\..\..\src\script\script_error.cpp">
      <Filter>Source Files\script</Filter>
    </ClCompile>
    <ClCompile Include="..\..\..\src\script\sigcache.cpp">
      <Filter>Source Files\script</Filter>
    </ClCompile>
    <ClCompile Include="..\..\..\src\script\sign.cpp">
      <Filter>Source Files\script</Filter>
    </ClCompile>
    <ClCompile Include="..\..\..\src\script\standard.cpp">
      <Filter>Source Files\script</Filter>
    </ClCompile>
    <ClCompile Include="..\..\..\src\transaction_builder.cpp">
      <Filter>Source Files</Filter>
    </ClCompile>
    <ClCompile Include="..\..\..\src\uint256.cpp">
      <Filter>Source Files</Filter>
    </ClCompile>
  </ItemGroup>
  <ItemGroup>
    <ClInclude Include="..\..\..\src\amount.h">
      <Filter>Source Files</Filter>
    </ClInclude>
    <ClInclude Include="..\..\..\src\arith_uint256.h">
      <Filter>Source Files</Filter>
    </ClInclude>
    <ClInclude Include="..\..\..\src\base58.h">
      <Filter>Source Files</Filter>
    </ClInclude>
    <ClInclude Include="..\..\..\src\bech32.h">
      <Filter>Source Files</Filter>
    </ClInclude>
    <ClInclude Include="..\..\..\src\chainparams.h">
      <Filter>Source Files</Filter>
    </ClInclude>
    <ClInclude Include="..\..\..\src\coins.h">
      <Filter>Source Files</Filter>
    </ClInclude>
    <ClInclude Include="..\..\..\src\compressor.h">
      <Filter>Source Files</Filter>
    </ClInclude>
    <ClInclude Include="..\..\..\src\consensus\consensus.h">
      <Filter>Source Files\consensus</Filter>
    </ClInclude>
    <ClInclude Include="..\..\..\src\consensus\params.h">
      <Filter>Source Files\consensus</Filter>
    </ClInclude>
    <ClInclude Include="..\..\..\src\consensus\upgrades.h">
      <Filter>Source Files\consensus</Filter>
    </ClInclude>
    <ClInclude Include="..\..\..\src\consensus\validation.h">
      <Filter>Source Files\consensus</Filter>
    </ClInclude>
    <ClInclude Include="..\..\..\src\hash.h">
      <Filter>Source Files</Filter>
    </ClInclude>
    <ClInclude Include="..\..\..\src\key.h">
      <Filter>Source Files</Filter>
    </ClInclude>
    <ClInclude Include="..\..\..\src\key_io.h">
      <Filter>Source Files</Filter>
    </ClInclude>
    <ClInclude Include="..\..\..\src\keystore.h">
      <Filter>Source Files</Filter>
    </ClInclude>
    <ClInclude Include="..\..\..\src\netbase.h">
      <Filter>Source Files</Filter>
    </ClInclude>
    <ClInclude Include="..\..\..\src\primitives\block.h">
      <Filter>Source Files\primitives</Filter>
    </ClInclude>
    <ClInclude Include="..\..\..\src\primitives\transaction.h">
      <Filter>Source Files\primitives</Filter>
    </ClInclude>
    <ClInclude Include="..\..\..\src\protocol.h">
      <Filter>Source Files</Filter>
    </ClInclude>
    <ClInclude Include="..\..\..\src\pubkey.h">
      <Filter>Source Files</Filter>
    </ClInclude>
    <ClInclude Include="..\..\..\src\scheduler.h">
      <Filter>Source Files</Filter>
    </ClInclude>
    <ClInclude Include="..\..\..\src\script\interpreter.h">
      <Filter>Source Files\script</Filter>
    </ClInclude>
    <ClInclude Include="..\..\..\src\script\script.h">
      <Filter>Source Files\script</Filter>
    </ClInclude>
    <ClInclude Include="..\..\..\src\script\script_error.h">
      <Filter>Source Files\script</Filter>
    </ClInclude>
    <ClInclude Include="..\..\..\src\script\sigcache.h">
      <Filter>Source Files\script</Filter>
    </ClInclude>
    <ClInclude Include="..\..\..\src\script\sign.h">
      <Filter>Source Files\script</Filter>
    </ClInclude>
    <ClInclude Include="..\..\..\src\script\standard.h">
      <Filter>Source Files\script</Filter>
    </ClInclude>
    <ClInclude Include="..\..\..\src\transaction_builder.h">
      <Filter>Source Files</Filter>
    </ClInclude>
    <ClInclude Include="..\..\..\src\uint252.h">
      <Filter>Source Files</Filter>
    </ClInclude>
    <ClInclude Include="..\..\..\src\uint256.h">
      <Filter>Source Files</Filter>
    </ClInclude>
  </ItemGroup>
</Project>