<?xml version="1.0" encoding="utf-8"?>
<Project ToolsVersion="4.0" xmlns="http://schemas.microsoft.com/developer/msbuild/2003">
  <ItemGroup>
    <Filter Include="Source Files">
      <UniqueIdentifier>{4FC737F1-C7A5-4376-A066-2A32D752A2FF}</UniqueIdentifier>
      <Extensions>cpp;c;cc;cxx;c++;cppm;ixx;def;odl;idl;hpj;bat;asm;asmx</Extensions>
    </Filter>
    <Filter Include="Source Files\support">
      <UniqueIdentifier>{72779566-0213-4f16-acbd-4c0353e275fb}</UniqueIdentifier>
    </Filter>
    <Filter Include="Source Files\compat">
      <UniqueIdentifier>{ee05caee-75ff-4cf9-b828-2fd7af5a9707}</UniqueIdentifier>
    </Filter>
    <Filter Include="Source Files\rpc">
      <UniqueIdentifier>{98e3631e-1a30-483f-86ec-7a1090aea6af}</UniqueIdentifier>
    </Filter>
    <Filter Include="Source Files\support\allocators">
      <UniqueIdentifier>{3431ebf1-8c05-4f9f-9d31-2634ad60e3d4}</UniqueIdentifier>
    </Filter>
    <Filter Include="Source Files\utils">
      <UniqueIdentifier>{46564cab-4eac-49bc-af98-af2a6913e1d0}</UniqueIdentifier>
    </Filter>
  </ItemGroup>
  <ItemGroup>
    <ClCompile Include="..\..\..\src\compat\glibcxx_sanity.cpp">
      <Filter>Source Files\compat</Filter>
    </ClCompile>
    <ClCompile Include="..\..\..\src\compat\glibc_compat.cpp">
      <Filter>Source Files\compat</Filter>
    </ClCompile>
    <ClCompile Include="..\..\..\src\compat\glibc_sanity.cpp">
      <Filter>Source Files\compat</Filter>
    </ClCompile>
    <ClCompile Include="..\..\..\src\rpc\client.cpp">
      <Filter>Source Files\rpc</Filter>
    </ClCompile>
    <ClCompile Include="..\..\..\src\utilmoneystr.cpp">
      <Filter>Source Files</Filter>
    </ClCompile>
    <ClCompile Include="..\..\..\src\support\cleanse.cpp">
      <Filter>Source Files\support</Filter>
    </ClCompile>
    <ClCompile Include="..\..\..\src\rpc\protocol.cpp">
      <Filter>Source Files\rpc</Filter>
    </ClCompile>
    <ClCompile Include="..\..\..\src\support\lockedpool.cpp">
      <Filter>Source Files\support</Filter>
    </ClCompile>
    <ClCompile Include="..\..\..\src\chainparamsbase.cpp">
      <Filter>Source Files</Filter>
    </ClCompile>
    <ClCompile Include="..\..\..\src\rpc\rpc-utils.cpp">
      <Filter>Source Files\rpc</Filter>
    </ClCompile>
    <ClCompile Include="..\..\..\src\utils\scheduler.cpp">
      <Filter>Source Files\utils</Filter>
    </ClCompile>
    <ClCompile Include="..\..\..\src\utils\sync.cpp">
      <Filter>Source Files\utils</Filter>
    </ClCompile>
    <ClCompile Include="..\..\..\src\utils\trimmean.cpp">
      <Filter>Source Files\utils</Filter>
    </ClCompile>
    <ClCompile Include="..\..\..\src\utils\util.cpp">
      <Filter>Source Files\utils</Filter>
    </ClCompile>
    <ClCompile Include="..\..\..\src\utils\ascii85.cpp">
      <Filter>Source Files\utils</Filter>
    </ClCompile>
    <ClCompile Include="..\..\..\src\utils\base58.cpp">
      <Filter>Source Files\utils</Filter>
    </ClCompile>
    <ClCompile Include="..\..\..\src\utils\bech32.cpp">
      <Filter>Source Files\utils</Filter>
    </ClCompile>
    <ClCompile Include="..\..\..\src\utils\uint256.cpp">
      <Filter>Source Files\utils</Filter>
    </ClCompile>
    <ClCompile Include="..\..\..\src\utils\utilstrencodings.cpp">
      <Filter>Source Files\utils</Filter>
    </ClCompile>
    <ClCompile Include="..\..\..\src\utils\ping_util.cpp">
      <Filter>Source Files\utils</Filter>
    </ClCompile>
    <ClCompile Include="..\..\..\src\utils\datacompressor.cpp">
      <Filter>Source Files\utils</Filter>
    </ClCompile>
    <ClCompile Include="..\..\..\src\clientversion.cpp">
      <Filter>Source Files</Filter>
    </ClCompile>
    <ClCompile Include="..\..\..\src\utils\arith_uint256.cpp">
      <Filter>Source Files\utils</Filter>
    </ClCompile>
    <ClCompile Include="..\..\..\src\utils\utiltime.cpp">
      <Filter>Source Files\utils</Filter>
    </ClCompile>
    <ClCompile Include="..\..\..\src\utils\random.cpp">
      <Filter>Source Files\utils</Filter>
    </ClCompile>
    <ClCompile Include="..\..\..\src\utils\hash.cpp">
      <Filter>Source Files\utils</Filter>
    </ClCompile>
    <ClCompile Include="..\..\..\src\utils\logmanager.cpp">
      <Filter>Source Files\utils</Filter>
    </ClCompile>
  </ItemGroup>
  <ItemGroup>
    <ClInclude Include="..\..\..\src\compat\byteswap.h">
      <Filter>Source Files\compat</Filter>
    </ClInclude>
    <ClInclude Include="..\..\..\src\compat\endian.h">
      <Filter>Source Files\compat</Filter>
    </ClInclude>
    <ClInclude Include="..\..\..\src\compat\sanity.h">
      <Filter>Source Files\compat</Filter>
    </ClInclude>
    <ClInclude Include="..\..\..\src\rpc\client.h">
      <Filter>Source Files\rpc</Filter>
    </ClInclude>
    <ClInclude Include="..\..\..\src\utilmoneystr.h">
      <Filter>Source Files</Filter>
    </ClInclude>
    <ClInclude Include="..\..\..\src\support\cleanse.h">
      <Filter>Source Files\support</Filter>
    </ClInclude>
    <ClInclude Include="..\..\..\src\support\allocators\secure.h">
      <Filter>Source Files\support\allocators</Filter>
    </ClInclude>
    <ClInclude Include="..\..\..\src\support\allocators\zeroafterfree.h">
      <Filter>Source Files\support\allocators</Filter>
    </ClInclude>
    <ClInclude Include="..\..\..\src\support\events.h">
      <Filter>Source Files\support</Filter>
    </ClInclude>
    <ClInclude Include="..\..\..\src\rpc\protocol.h">
      <Filter>Source Files\rpc</Filter>
    </ClInclude>
    <ClInclude Include="..\..\..\src\rpc\register.h">
      <Filter>Source Files\rpc</Filter>
    </ClInclude>
    <ClInclude Include="..\..\..\src\support\lockedpool.h">
      <Filter>Source Files\support</Filter>
    </ClInclude>
    <ClInclude Include="..\..\..\src\chainparamsbase.h">
      <Filter>Source Files</Filter>
    </ClInclude>
    <ClInclude Include="..\..\..\src\chainparamsseeds.h">
      <Filter>Source Files</Filter>
    </ClInclude>
    <ClInclude Include="..\..\..\src\rpc\rpc-utils.h">
      <Filter>Source Files\rpc</Filter>
    </ClInclude>
    <ClInclude Include="..\..\..\src\utils\svc_thread.h">
      <Filter>Source Files\utils</Filter>
    </ClInclude>
    <ClInclude Include="..\..\..\src\utils\enum_util.h">
      <Filter>Source Files\utils</Filter>
    </ClInclude>
    <ClInclude Include="..\..\..\src\utils\map_types.h">
      <Filter>Source Files\utils</Filter>
    </ClInclude>
    <ClInclude Include="..\..\..\src\utils\numeric_range.h">
      <Filter>Source Files\utils</Filter>
    </ClInclude>
    <ClInclude Include="..\..\..\src\utils\reverselock.h">
      <Filter>Source Files\utils</Filter>
    </ClInclude>
    <ClInclude Include="..\..\..\src\utils\scheduler.h">
      <Filter>Source Files\utils</Filter>
    </ClInclude>
    <ClInclude Include="..\..\..\src\utils\scope_guard.hpp">
      <Filter>Source Files\utils</Filter>
    </ClInclude>
    <ClInclude Include="..\..\..\src\utils\set_types.h">
      <Filter>Source Files\utils</Filter>
    </ClInclude>
    <ClInclude Include="..\..\..\src\utils\str_types.h">
      <Filter>Source Files\utils</Filter>
    </ClInclude>
    <ClInclude Include="..\..\..\src\utils\str_utils.h">
      <Filter>Source Files\utils</Filter>
    </ClInclude>
    <ClInclude Include="..\..\..\src\utils\sync.h">
      <Filter>Source Files\utils</Filter>
    </ClInclude>
    <ClInclude Include="..\..\..\src\utils\trimmean.h">
      <Filter>Source Files\utils</Filter>
    </ClInclude>
    <ClInclude Include="..\..\..\src\utils\util.h">
      <Filter>Source Files\utils</Filter>
    </ClInclude>
    <ClInclude Include="..\..\..\src\utils\vector_types.h">
      <Filter>Source Files\utils</Filter>
    </ClInclude>
    <ClInclude Include="..\..\..\src\utils\ascii85.h">
      <Filter>Source Files\utils</Filter>
    </ClInclude>
    <ClInclude Include="..\..\..\src\utils\base58.h">
      <Filter>Source Files\utils</Filter>
    </ClInclude>
    <ClInclude Include="..\..\..\src\utils\bech32.h">
      <Filter>Source Files\utils</Filter>
    </ClInclude>
    <ClInclude Include="..\..\..\src\utils\fs.h">
      <Filter>Source Files\utils</Filter>
    </ClInclude>
    <ClInclude Include="..\..\..\src\utils\uint252.h">
      <Filter>Source Files\utils</Filter>
    </ClInclude>
    <ClInclude Include="..\..\..\src\utils\uint256.h">
      <Filter>Source Files\utils</Filter>
    </ClInclude>
    <ClInclude Include="..\..\..\src\utils\utilstrencodings.h">
      <Filter>Source Files\utils</Filter>
    </ClInclude>
    <ClInclude Include="..\..\..\src\utils\tinyformat.h">
      <Filter>Source Files\utils</Filter>
    </ClInclude>
    <ClInclude Include="..\..\..\src\utils\ping_util.h">
      <Filter>Source Files\utils</Filter>
    </ClInclude>
    <ClInclude Include="..\..\..\src\threadsafety.h">
      <Filter>Source Files\utils</Filter>
    </ClInclude>
    <ClInclude Include="..\..\..\src\utils\prevector.h">
      <Filter>Source Files\utils</Filter>
    </ClInclude>
    <ClInclude Include="..\..\..\src\utils\serialize.h">
      <Filter>Source Files\utils</Filter>
    </ClInclude>
    <ClInclude Include="..\..\..\src\utils\datacompressor.h">
      <Filter>Source Files\utils</Filter>
    </ClInclude>
    <ClInclude Include="..\..\..\src\clientversion.h">
      <Filter>Source Files</Filter>
    </ClInclude>
    <ClInclude Include="..\..\..\src\utils\streams.h">
      <Filter>Source Files\utils</Filter>
    </ClInclude>
    <ClInclude Include="..\..\..\src\utils\arith_uint256.h">
      <Filter>Source Files\utils</Filter>
    </ClInclude>
    <ClInclude Include="..\..\..\src\utils\utiltime.h">
      <Filter>Source Files\utils</Filter>
    </ClInclude>
    <ClInclude Include="..\..\..\src\utils\random.h">
      <Filter>Source Files\utils</Filter>
    </ClInclude>
    <ClInclude Include="..\..\..\src\utils\detect_cpp_standard.h">
      <Filter>Source Files\utils</Filter>
    </ClInclude>
    <ClInclude Include="..\..\..\src\utils\hash.h">
      <Filter>Source Files\utils</Filter>
    </ClInclude>
    <ClInclude Include="..\..\..\src\utils\logmanager.h">
      <Filter>Source Files\utils</Filter>
    </ClInclude>
  </ItemGroup>
</Project>