<?xml version="1.0" encoding="utf-8"?>
<Project ToolsVersion="4.0" xmlns="http://schemas.microsoft.com/developer/msbuild/2003">
  <ItemGroup>
    <Filter Include="Source Files">
      <UniqueIdentifier>{4FC737F1-C7A5-4376-A066-2A32D752A2FF}</UniqueIdentifier>
      <Extensions>cpp;c;cc;cxx;c++;cppm;ixx;def;odl;idl;hpj;bat;asm;asmx</Extensions>
    </Filter>
    <Filter Include="Resource Files">
      <UniqueIdentifier>{67DA6AB6-F800-4c08-8B7A-83BB121AAD01}</UniqueIdentifier>
      <Extensions>rc;ico;cur;bmp;dlg;rc2;rct;bin;rgs;gif;jpg;jpeg;jpe;resx;tiff;tif;png;wav;mfcribbon-ms</Extensions>
    </Filter>
    <Filter Include="Source Files\vc_port">
      <UniqueIdentifier>{4580c955-f71f-4d68-96ae-42c398fc382c}</UniqueIdentifier>
    </Filter>
    <Filter Include="packages">
      <UniqueIdentifier>{2ee15f7c-e20e-42dc-a088-6bf7471c4b31}</UniqueIdentifier>
    </Filter>
    <Filter Include="build-files">
      <UniqueIdentifier>{4ec4a7e8-3496-4683-bd70-4b17c968d703}</UniqueIdentifier>
    </Filter>
    <Filter Include="build-files\src">
      <UniqueIdentifier>{5917639d-b938-438f-814f-6316d01fe2ce}</UniqueIdentifier>
    </Filter>
    <Filter Include="build-files\.circleci">
      <UniqueIdentifier>{4f4f4d1b-a1bc-4d9a-8d94-d7dbe885c67d}</UniqueIdentifier>
    </Filter>
  </ItemGroup>
  <ItemGroup>
    <ClCompile Include="..\..\vs\port\unistd.cpp">
      <Filter>Source Files\vc_port</Filter>
    </ClCompile>
    <ClCompile Include="..\..\vs\port\ctz_clz.h">
      <Filter>Source Files\vc_port</Filter>
    </ClCompile>
    <ClCompile Include="..\..\..\src\pasteld.cpp">
      <Filter>Source Files</Filter>
    </ClCompile>
  </ItemGroup>
  <ItemGroup>
    <ClInclude Include="..\..\vs\port\unistd.h">
      <Filter>Source Files\vc_port</Filter>
    </ClInclude>
    <ClInclude Include="..\..\..\src\version.h">
      <Filter>Source Files</Filter>
    </ClInclude>
  </ItemGroup>
  <ItemGroup>
    <ResourceCompile Include="..\..\..\src\pasteld-res.rc">
      <Filter>Resource Files</Filter>
    </ResourceCompile>
  </ItemGroup>
  <ItemGroup>
    <None Include="..\..\..\depends\packages\bdb.mk">
      <Filter>packages</Filter>
    </None>
    <None Include="..\..\..\depends\packages\boost.mk">
      <Filter>packages</Filter>
    </None>
    <None Include="..\..\..\depends\packages\crate_aes.mk">
      <Filter>packages</Filter>
    </None>
    <None Include="..\..\..\depends\packages\crate_aes_soft.mk">
      <Filter>packages</Filter>
    </None>
    <None Include="..\..\..\depends\packages\crate_aesni.mk">
      <Filter>packages</Filter>
    </None>
    <None Include="..\..\..\depends\packages\crate_arrayvec.mk">
      <Filter>packages</Filter>
    </None>
    <None Include="..\..\..\depends\packages\crate_bellman.mk">
      <Filter>packages</Filter>
    </None>
    <None Include="..\..\..\depends\packages\crate_bit_vec.mk">
      <Filter>packages</Filter>
    </None>
    <None Include="..\..\..\depends\packages\crate_bitflags.mk">
      <Filter>packages</Filter>
    </None>
    <None Include="..\..\..\depends\packages\crate_blake2_rfc.mk">
      <Filter>packages</Filter>
    </None>
    <None Include="..\..\..\depends\packages\crate_block_cipher_trait.mk">
      <Filter>packages</Filter>
    </None>
    <None Include="..\..\..\depends\packages\crate_byte_tools.mk">
      <Filter>packages</Filter>
    </None>
    <None Include="..\..\..\depends\packages\crate_byteorder.mk">
      <Filter>packages</Filter>
    </None>
    <None Include="..\..\..\depends\packages\crate_constant_time_eq.mk">
      <Filter>packages</Filter>
    </None>
    <None Include="..\..\..\depends\packages\crate_crossbeam.mk">
      <Filter>packages</Filter>
    </None>
    <None Include="..\..\..\depends\packages\crate_digest.mk">
      <Filter>packages</Filter>
    </None>
    <None Include="..\..\..\depends\packages\crate_fpe.mk">
      <Filter>packages</Filter>
    </None>
    <None Include="..\..\..\depends\packages\crate_fuchsia_zircon.mk">
      <Filter>packages</Filter>
    </None>
    <None Include="..\..\..\depends\packages\crate_fuchsia_zircon_sys.mk">
      <Filter>packages</Filter>
    </None>
    <None Include="..\..\..\depends\packages\crate_futures.mk">
      <Filter>packages</Filter>
    </None>
    <None Include="..\..\..\depends\packages\crate_futures_cpupool.mk">
      <Filter>packages</Filter>
    </None>
    <None Include="..\..\..\depends\packages\crate_generic_array.mk">
      <Filter>packages</Filter>
    </None>
    <None Include="..\..\..\depends\packages\crate_lazy_static.mk">
      <Filter>packages</Filter>
    </None>
    <None Include="..\..\..\depends\packages\crate_libc.mk">
      <Filter>packages</Filter>
    </None>
    <None Include="..\..\..\depends\packages\crate_nodrop.mk">
      <Filter>packages</Filter>
    </None>
    <None Include="..\..\..\depends\packages\crate_num_bigint.mk">
      <Filter>packages</Filter>
    </None>
    <None Include="..\..\..\depends\packages\crate_num_cpus.mk">
      <Filter>packages</Filter>
    </None>
    <None Include="..\..\..\depends\packages\crate_num_integer.mk">
      <Filter>packages</Filter>
    </None>
    <None Include="..\..\..\depends\packages\crate_num_traits.mk">
      <Filter>packages</Filter>
    </None>
    <None Include="..\..\..\depends\packages\crate_opaque_debug.mk">
      <Filter>packages</Filter>
    </None>
    <None Include="..\..\..\depends\packages\crate_pairing.mk">
      <Filter>packages</Filter>
    </None>
    <None Include="..\..\..\depends\packages\crate_rand.mk">
      <Filter>packages</Filter>
    </None>
    <None Include="..\..\..\depends\packages\crate_sapling_crypto.mk">
      <Filter>packages</Filter>
    </None>
    <None Include="..\..\..\depends\packages\crate_stream_cipher.mk">
      <Filter>packages</Filter>
    </None>
    <None Include="..\..\..\depends\packages\crate_typenum.mk">
      <Filter>packages</Filter>
    </None>
    <None Include="..\..\..\depends\packages\crate_winapi.mk">
      <Filter>packages</Filter>
    </None>
    <None Include="..\..\..\depends\packages\crate_winapi_i686_pc_windows_gnu.mk">
      <Filter>packages</Filter>
    </None>
    <None Include="..\..\..\depends\packages\crate_winapi_x86_64_pc_windows_gnu.mk">
      <Filter>packages</Filter>
    </None>
    <None Include="..\..\..\depends\packages\crate_zip32.mk">
      <Filter>packages</Filter>
    </None>
    <None Include="..\..\..\depends\packages\googletest.mk">
      <Filter>packages</Filter>
    </None>
    <None Include="..\..\..\depends\packages\libevent.mk">
      <Filter>packages</Filter>
    </None>
    <None Include="..\..\..\depends\packages\libgmp.mk">
      <Filter>packages</Filter>
    </None>
    <None Include="..\..\..\depends\packages\librustzcash.mk">
      <Filter>packages</Filter>
    </None>
    <None Include="..\..\..\depends\packages\libsodium.mk">
      <Filter>packages</Filter>
    </None>
    <None Include="..\..\..\depends\packages\macosx_sdk.mk">
      <Filter>packages</Filter>
    </None>
    <None Include="..\..\..\depends\packages\native_b2.mk">
      <Filter>packages</Filter>
    </None>
    <None Include="..\..\..\depends\packages\native_ccache.mk">
      <Filter>packages</Filter>
    </None>
    <None Include="..\..\..\depends\packages\native_cctools.mk">
      <Filter>packages</Filter>
    </None>
    <None Include="..\..\..\depends\packages\native_clang.mk">
      <Filter>packages</Filter>
    </None>
    <None Include="..\..\..\depends\packages\native_rust.mk">
      <Filter>packages</Filter>
    </None>
    <None Include="..\..\..\depends\packages\openssl.mk">
      <Filter>packages</Filter>
    </None>
    <None Include="..\..\..\depends\packages\packages.mk">
      <Filter>packages</Filter>
    </None>
    <None Include="..\..\..\depends\packages\proton.mk">
      <Filter>packages</Filter>
    </None>
    <None Include="..\..\..\depends\packages\zeromq.mk">
      <Filter>packages</Filter>
    </None>
    <None Include="..\..\..\depends\packages\zstd.mk">
      <Filter>packages</Filter>
    </None>
    <None Include="..\..\..\src\Makefile.am">
      <Filter>build-files\src</Filter>
    </None>
    <None Include="..\..\..\configure.ac">
      <Filter>build-files</Filter>
    </None>
    <None Include="..\..\..\Makefile.am">
      <Filter>build-files</Filter>
    </None>
    <None Include="..\..\..\README.md">
      <Filter>build-files</Filter>
    </None>
    <None Include="..\..\..\build.sh">
      <Filter>build-files</Filter>
    </None>
    <None Include="..\..\..\.circleci\config.yml">
      <Filter>build-files\.circleci</Filter>
    </None>
    <None Include="..\..\..\.circleci\Dockerfile">
      <Filter>build-files\.circleci</Filter>
    </None>
  </ItemGroup>
</Project>