<?xml version="1.0" encoding="utf-8"?>
<Project ToolsVersion="4.0" xmlns="http://schemas.microsoft.com/developer/msbuild/2003">
  <ItemGroup>
    <Filter Include="UnitTest Files">
      <UniqueIdentifier>{4FC737F1-C7A5-4376-A066-2A32D752A2FF}</UniqueIdentifier>
      <Extensions>cpp;c;cc;cxx;c++;cppm;ixx;def;odl;idl;hpj;bat;asm;asmx</Extensions>
    </Filter>
    <Filter Include="Source Files">
      <UniqueIdentifier>{ec00090b-f372-402d-bc18-67f81b212865}</UniqueIdentifier>
    </Filter>
    <Filter Include="Source Files\port">
      <UniqueIdentifier>{ea70fe2d-3e50-4baa-baad-b6a5bff2417f}</UniqueIdentifier>
    </Filter>
    <Filter Include="UnitTest Files\wallet">
      <UniqueIdentifier>{e951447c-5fa2-4161-8557-6fe95ee014fc}</UniqueIdentifier>
    </Filter>
    <Filter Include="UnitTest Files\test_mnode">
      <UniqueIdentifier>{fdfd6a0a-e206-4d48-8376-3b6f7e81ada6}</UniqueIdentifier>
    </Filter>
    <Filter Include="UnitTest Files\data">
      <UniqueIdentifier>{753414f7-a514-47a8-992f-e91d96e76062}</UniqueIdentifier>
    </Filter>
  </ItemGroup>
  <ItemGroup>
    <ClCompile Include="..\..\..\src\gtest\json_test_vectors.cpp">
      <Filter>UnitTest Files</Filter>
    </ClCompile>
    <ClCompile Include="..\..\..\src\gtest\pastel_gtest_main.cpp">
      <Filter>UnitTest Files</Filter>
    </ClCompile>
    <ClCompile Include="..\..\..\src\gtest\test_block.cpp">
      <Filter>UnitTest Files</Filter>
    </ClCompile>
    <ClCompile Include="..\..\..\src\gtest\test_checkblock.cpp">
      <Filter>UnitTest Files</Filter>
    </ClCompile>
    <ClCompile Include="..\..\..\src\gtest\test_checktransaction.cpp">
      <Filter>UnitTest Files</Filter>
    </ClCompile>
    <ClCompile Include="..\..\..\src\gtest\test_circuit.cpp">
      <Filter>UnitTest Files</Filter>
    </ClCompile>
    <ClCompile Include="..\..\..\src\gtest\test_deprecation.cpp">
      <Filter>UnitTest Files</Filter>
    </ClCompile>
    <ClCompile Include="..\..\..\src\gtest\test_equihash.cpp">
      <Filter>UnitTest Files</Filter>
    </ClCompile>
    <ClCompile Include="..\..\..\src\gtest\test_httprpc.cpp">
      <Filter>UnitTest Files</Filter>
    </ClCompile>
    <ClCompile Include="..\..\..\src\gtest\test_keys.cpp">
      <Filter>UnitTest Files</Filter>
    </ClCompile>
    <ClCompile Include="..\..\..\src\gtest\test_keystore.cpp">
      <Filter>UnitTest Files</Filter>
    </ClCompile>
    <ClCompile Include="..\..\..\src\gtest\test_libzcash_utils.cpp">
      <Filter>UnitTest Files</Filter>
    </ClCompile>
    <ClCompile Include="..\..\..\src\gtest\test_mempool.cpp">
      <Filter>UnitTest Files</Filter>
    </ClCompile>
    <ClCompile Include="..\..\..\src\gtest\test_merkletree.cpp">
      <Filter>UnitTest Files</Filter>
    </ClCompile>
    <ClCompile Include="..\..\..\src\gtest\test_metrics.cpp">
      <Filter>UnitTest Files</Filter>
    </ClCompile>
    <ClCompile Include="..\..\..\src\gtest\test_miner.cpp">
      <Filter>UnitTest Files</Filter>
    </ClCompile>
    <ClCompile Include="..\..\..\src\gtest\test_noteencryption.cpp">
      <Filter>UnitTest Files</Filter>
    </ClCompile>
    <ClCompile Include="..\..\..\src\gtest\test_pedersen_hash.cpp">
      <Filter>UnitTest Files</Filter>
    </ClCompile>
    <ClCompile Include="..\..\..\src\gtest\test_pow.cpp">
      <Filter>UnitTest Files</Filter>
    </ClCompile>
    <ClCompile Include="..\..\..\src\gtest\test_proofs.cpp">
      <Filter>UnitTest Files</Filter>
    </ClCompile>
    <ClCompile Include="..\..\..\src\gtest\test_random.cpp">
      <Filter>UnitTest Files</Filter>
    </ClCompile>
    <ClCompile Include="..\..\..\src\gtest\test_rpc.cpp">
      <Filter>UnitTest Files</Filter>
    </ClCompile>
    <ClCompile Include="..\..\..\src\gtest\test_sapling_note.cpp">
      <Filter>UnitTest Files</Filter>
    </ClCompile>
    <ClCompile Include="..\..\..\src\gtest\test_tautology.cpp">
      <Filter>UnitTest Files</Filter>
    </ClCompile>
    <ClCompile Include="..\..\..\src\gtest\test_transaction_builder.cpp">
      <Filter>UnitTest Files</Filter>
    </ClCompile>
    <ClCompile Include="..\..\..\src\gtest\test_txid.cpp">
      <Filter>UnitTest Files</Filter>
    </ClCompile>
    <ClCompile Include="..\..\..\src\gtest\test_upgrades.cpp">
      <Filter>UnitTest Files</Filter>
    </ClCompile>
    <ClCompile Include="..\..\..\src\gtest\test_validation.cpp">
      <Filter>UnitTest Files</Filter>
    </ClCompile>
    <ClCompile Include="..\..\..\src\gtest\test_zip32.cpp">
      <Filter>UnitTest Files</Filter>
    </ClCompile>
    <ClCompile Include="..\..\vs\port\uint128.cpp">
      <Filter>Source Files\port</Filter>
    </ClCompile>
    <ClCompile Include="..\..\..\src\gtest\test_legroast.cpp">
      <Filter>UnitTest Files</Filter>
    </ClCompile>
    <ClCompile Include="..\..\..\src\gtest\test_str_encodings.cpp">
      <Filter>UnitTest Files</Filter>
    </ClCompile>
    <ClCompile Include="..\..\..\src\wallet\gtest\test_wallet.cpp">
      <Filter>UnitTest Files\wallet</Filter>
    </ClCompile>
    <ClCompile Include="..\..\..\src\wallet\gtest\test_wallet_zkeys.cpp">
      <Filter>UnitTest Files\wallet</Filter>
    </ClCompile>
    <ClCompile Include="..\..\..\src\gtest\test_utils.cpp">
      <Filter>UnitTest Files</Filter>
    </ClCompile>
    <ClCompile Include="..\..\..\src\gtest\test_mnode\test_governance.cpp">
      <Filter>UnitTest Files\test_mnode</Filter>
    </ClCompile>
    <ClCompile Include="..\..\..\src\gtest\test_mnode\test_pastel.cpp">
      <Filter>UnitTest Files\test_mnode</Filter>
    </ClCompile>
    <ClCompile Include="..\..\..\src\gtest\test_mnode\test_pastelid.cpp">
      <Filter>UnitTest Files\test_mnode</Filter>
    </ClCompile>
    <ClCompile Include="..\..\..\src\gtest\test_mnode\test_mnode_rpc.cpp">
      <Filter>UnitTest Files\test_mnode</Filter>
    </ClCompile>
    <ClCompile Include="..\..\..\src\gtest\test_mnode\test_secure_container.cpp">
      <Filter>UnitTest Files\test_mnode</Filter>
    </ClCompile>
    <ClCompile Include="..\..\..\src\gtest\test_mnode\test_ticket_processor.cpp">
      <Filter>UnitTest Files\test_mnode</Filter>
    </ClCompile>
    <ClCompile Include="..\..\..\src\gtest\test_mnode\test_ticket_mempool.cpp">
      <Filter>UnitTest Files\test_mnode</Filter>
    </ClCompile>
    <ClCompile Include="..\..\..\src\gtest\test_mnode\test_ticket_mempool_processor.cpp">
      <Filter>UnitTest Files\test_mnode</Filter>
    </ClCompile>
    <ClCompile Include="..\..\..\src\wallet\gtest\test_wallet_ismine.cpp">
      <Filter>UnitTest Files\wallet</Filter>
    </ClCompile>
    <ClCompile Include="..\..\..\src\gtest\test_numeric_range.cpp">
      <Filter>UnitTest Files</Filter>
    </ClCompile>
    <ClCompile Include="..\..\..\src\gtest\test_str_utils.cpp">
      <Filter>UnitTest Files</Filter>
    </ClCompile>
    <ClCompile Include="..\..\..\src\gtest\test_netbase.cpp">
      <Filter>UnitTest Files</Filter>
    </ClCompile>
    <ClCompile Include="..\..\..\src\gtest\test_addrman.cpp">
      <Filter>UnitTest Files</Filter>
    </ClCompile>
    <ClCompile Include="..\..\..\src\gtest\test_base32.cpp">
      <Filter>UnitTest Files</Filter>
    </ClCompile>
    <ClCompile Include="..\..\..\src\gtest\test_base58.cpp">
      <Filter>UnitTest Files</Filter>
    </ClCompile>
    <ClCompile Include="..\..\..\src\gtest\test_base64.cpp">
      <Filter>UnitTest Files</Filter>
    </ClCompile>
    <ClCompile Include="..\..\..\src\gtest\test_bech32.cpp">
      <Filter>UnitTest Files</Filter>
    </ClCompile>
    <ClCompile Include="..\..\..\src\gtest\test_sanity.cpp">
      <Filter>UnitTest Files</Filter>
    </ClCompile>
    <ClCompile Include="..\..\..\src\gtest\test_checkpoints.cpp">
      <Filter>UnitTest Files</Filter>
    </ClCompile>
    <ClCompile Include="..\..\..\src\gtest\test_timedata.cpp">
      <Filter>UnitTest Files</Filter>
    </ClCompile>
    <ClCompile Include="..\..\..\src\gtest\test_hash.cpp">
      <Filter>UnitTest Files</Filter>
    </ClCompile>
  </ItemGroup>
  <ItemGroup>
    <ClInclude Include="..\..\..\src\gtest\json_test_vectors.h">
      <Filter>UnitTest Files</Filter>
    </ClInclude>
    <ClInclude Include="..\..\vs\port\uint128.h">
      <Filter>Source Files\port</Filter>
    </ClInclude>
    <ClInclude Include="..\..\..\src\gtest\test_utils.h">
      <Filter>UnitTest Files</Filter>
    </ClInclude>
    <ClInclude Include="..\..\..\src\gtest\pastel_gtest_main.h">
      <Filter>UnitTest Files</Filter>
    </ClInclude>
    <ClInclude Include="..\..\..\src\gtest\test_mempool_entryhelper.h">
      <Filter>UnitTest Files</Filter>
    </ClInclude>
    <ClInclude Include="..\..\..\src\gtest\test_mnode\test_ticket_mempool.h">
      <Filter>UnitTest Files\test_mnode</Filter>
    </ClInclude>
    <ClInclude Include="..\..\..\src\gtest\test_mnode\mock_mnode_ticket.h">
      <Filter>UnitTest Files\test_mnode</Filter>
    </ClInclude>
    <ClInclude Include="..\..\..\src\gtest\data\base58_encode_decode.json.h">
      <Filter>UnitTest Files\data</Filter>
    </ClInclude>
    <ClInclude Include="..\..\..\src\gtest\data\base58_keys_invalid.json.h">
      <Filter>UnitTest Files\data</Filter>
    </ClInclude>
    <ClInclude Include="..\..\..\src\gtest\data\base58_keys_valid.json.h">
      <Filter>UnitTest Files\data</Filter>
    </ClInclude>
  </ItemGroup>
  <ItemGroup>
    <None Include="..\..\..\src\Makefile.gtest.include" />
  </ItemGroup>
</Project>