<?xml version="1.0" encoding="utf-8"?>
<Project ToolsVersion="4.0" xmlns="http://schemas.microsoft.com/developer/msbuild/2003">
  <ItemGroup>
    <Filter Include="Source Files">
      <UniqueIdentifier>{4FC737F1-C7A5-4376-A066-2A32D752A2FF}</UniqueIdentifier>
      <Extensions>cpp;c;cc;cxx;c++;cppm;ixx;def;odl;idl;hpj;bat;asm;asmx</Extensions>
    </Filter>
    <Filter Include="Source Files\policy">
      <UniqueIdentifier>{6989bb7c-f51b-44e0-9af7-91c7f85d4686}</UniqueIdentifier>
    </Filter>
    <Filter Include="Source Files\rpc">
      <UniqueIdentifier>{01f2b7b7-7fda-4b71-a414-df897fb38f98}</UniqueIdentifier>
    </Filter>
    <Filter Include="Source Files\cyclicbarrier">
      <UniqueIdentifier>{2b02cfae-4307-40dd-99b6-d06e6d2cb7c0}</UniqueIdentifier>
    </Filter>
    <Filter Include="Source Files\mnode">
      <UniqueIdentifier>{c070f378-ba31-4af2-a349-882efd2f5eb5}</UniqueIdentifier>
    </Filter>
    <Filter Include="Source Files\pastelid">
      <UniqueIdentifier>{d3b7a4eb-1936-4883-9f18-ef2b1fdd6b74}</UniqueIdentifier>
    </Filter>
    <Filter Include="Source Files\port">
      <UniqueIdentifier>{29dfb7cd-f7a1-44e1-842f-6df4157cfca8}</UniqueIdentifier>
    </Filter>
    <Filter Include="Source Files\mnode\rpc">
      <UniqueIdentifier>{f54c067d-6c57-433a-b991-9e6c8b62739e}</UniqueIdentifier>
    </Filter>
  </ItemGroup>
  <ItemGroup>
    <ClCompile Include="..\..\..\src\sendalert.cpp">
      <Filter>Source Files</Filter>
    </ClCompile>
    <ClCompile Include="..\..\..\src\addrman.cpp">
      <Filter>Source Files</Filter>
    </ClCompile>
    <ClCompile Include="..\..\..\src\alert.cpp">
      <Filter>Source Files</Filter>
    </ClCompile>
    <ClCompile Include="..\..\..\src\asyncrpcoperation.cpp">
      <Filter>Source Files</Filter>
    </ClCompile>
    <ClCompile Include="..\..\..\src\asyncrpcqueue.cpp">
      <Filter>Source Files</Filter>
    </ClCompile>
    <ClCompile Include="..\..\..\src\bloom.cpp">
      <Filter>Source Files</Filter>
    </ClCompile>
    <ClCompile Include="..\..\..\src\chain.cpp">
      <Filter>Source Files</Filter>
    </ClCompile>
    <ClCompile Include="..\..\..\src\checkpoints.cpp">
      <Filter>Source Files</Filter>
    </ClCompile>
    <ClCompile Include="..\..\..\src\deprecation.cpp">
      <Filter>Source Files</Filter>
    </ClCompile>
    <ClCompile Include="..\..\..\src\httprpc.cpp">
      <Filter>Source Files</Filter>
    </ClCompile>
    <ClCompile Include="..\..\..\src\httpserver.cpp">
      <Filter>Source Files</Filter>
    </ClCompile>
    <ClCompile Include="..\..\..\src\init.cpp">
      <Filter>Source Files</Filter>
    </ClCompile>
    <ClCompile Include="..\..\..\src\dbwrapper.cpp">
      <Filter>Source Files</Filter>
    </ClCompile>
    <ClCompile Include="..\..\..\src\main.cpp">
      <Filter>Source Files</Filter>
    </ClCompile>
    <ClCompile Include="..\..\..\src\merkleblock.cpp">
      <Filter>Source Files</Filter>
    </ClCompile>
    <ClCompile Include="..\..\..\src\metrics.cpp">
      <Filter>Source Files</Filter>
    </ClCompile>
    <ClCompile Include="..\..\..\src\miner.cpp">
      <Filter>Source Files</Filter>
    </ClCompile>
    <ClCompile Include="..\..\..\src\net.cpp">
      <Filter>Source Files</Filter>
    </ClCompile>
    <ClCompile Include="..\..\..\src\noui.cpp">
      <Filter>Source Files</Filter>
    </ClCompile>
    <ClCompile Include="..\..\..\src\policy\fees.cpp">
      <Filter>Source Files\policy</Filter>
    </ClCompile>
    <ClCompile Include="..\..\..\src\pow.cpp">
      <Filter>Source Files</Filter>
    </ClCompile>
    <ClCompile Include="..\..\..\src\rest.cpp">
      <Filter>Source Files</Filter>
    </ClCompile>
    <ClCompile Include="..\..\..\src\rpc\blockchain.cpp">
      <Filter>Source Files\rpc</Filter>
    </ClCompile>
    <ClCompile Include="..\..\..\src\rpc\mining.cpp">
      <Filter>Source Files\rpc</Filter>
    </ClCompile>
    <ClCompile Include="..\..\..\src\rpc\misc.cpp">
      <Filter>Source Files\rpc</Filter>
    </ClCompile>
    <ClCompile Include="..\..\..\src\rpc\net.cpp">
      <Filter>Source Files\rpc</Filter>
    </ClCompile>
    <ClCompile Include="..\..\..\src\rpc\rawtransaction.cpp">
      <Filter>Source Files\rpc</Filter>
    </ClCompile>
    <ClCompile Include="..\..\..\src\rpc\server.cpp">
      <Filter>Source Files\rpc</Filter>
    </ClCompile>
    <ClCompile Include="..\..\..\src\timedata.cpp">
      <Filter>Source Files</Filter>
    </ClCompile>
    <ClCompile Include="..\..\..\src\torcontrol.cpp">
      <Filter>Source Files</Filter>
    </ClCompile>
    <ClCompile Include="..\..\..\src\txdb.cpp">
      <Filter>Source Files</Filter>
    </ClCompile>
    <ClCompile Include="..\..\..\src\txmempool.cpp">
      <Filter>Source Files</Filter>
    </ClCompile>
    <ClCompile Include="..\..\..\src\validationinterface.cpp">
      <Filter>Source Files</Filter>
    </ClCompile>
    <ClCompile Include="..\..\vs\port\cyclicbarrier\cyclicbarrier.cpp">
      <Filter>Source Files\cyclicbarrier</Filter>
    </ClCompile>
    <ClCompile Include="..\..\..\src\mnode\ticket-processor.cpp">
      <Filter>Source Files\mnode</Filter>
    </ClCompile>
    <ClCompile Include="..\..\..\src\mnode\mnode-active.cpp">
      <Filter>Source Files\mnode</Filter>
    </ClCompile>
    <ClCompile Include="..\..\..\src\mnode\mnode-config.cpp">
      <Filter>Source Files\mnode</Filter>
    </ClCompile>
    <ClCompile Include="..\..\..\src\mnode\mnode-controller.cpp">
      <Filter>Source Files\mnode</Filter>
    </ClCompile>
    <ClCompile Include="..\..\..\src\mnode\mnode-db.cpp">
      <Filter>Source Files\mnode</Filter>
    </ClCompile>
    <ClCompile Include="..\..\..\src\mnode\mnode-dbcreate.cpp">
      <Filter>Source Files\mnode</Filter>
    </ClCompile>
    <ClCompile Include="..\..\..\src\mnode\mnode-governance.cpp">
      <Filter>Source Files\mnode</Filter>
    </ClCompile>
    <ClCompile Include="..\..\..\src\mnode\mnode-manager.cpp">
      <Filter>Source Files\mnode</Filter>
    </ClCompile>
    <ClCompile Include="..\..\..\src\mnode\mnode-masternode.cpp">
      <Filter>Source Files\mnode</Filter>
    </ClCompile>
    <ClCompile Include="..\..\..\src\mnode\mnode-messageproc.cpp">
      <Filter>Source Files\mnode</Filter>
    </ClCompile>
    <ClCompile Include="..\..\..\src\mnode\mnode-msgsigner.cpp">
      <Filter>Source Files\mnode</Filter>
    </ClCompile>
    <ClCompile Include="..\..\..\src\mnode\mnode-notificationinterface.cpp">
      <Filter>Source Files\mnode</Filter>
    </ClCompile>
    <ClCompile Include="..\..\..\src\mnode\mnode-pastel.cpp">
      <Filter>Source Files\mnode</Filter>
    </ClCompile>
    <ClCompile Include="..\..\..\src\mnode\mnode-payments.cpp">
      <Filter>Source Files\mnode</Filter>
    </ClCompile>
    <ClCompile Include="..\..\..\src\mnode\mnode-requesttracker.cpp">
      <Filter>Source Files\mnode</Filter>
    </ClCompile>
    <ClCompile Include="..\..\..\src\mnode\mnode-sync.cpp">
      <Filter>Source Files\mnode</Filter>
    </ClCompile>
    <ClCompile Include="..\..\..\src\mnode\mnode-validation.cpp">
      <Filter>Source Files\mnode</Filter>
    </ClCompile>
    <ClCompile Include="..\..\..\src\pastelid\secure_container.cpp">
      <Filter>Source Files\pastelid</Filter>
    </ClCompile>
    <ClCompile Include="..\..\vs\port\uint128.cpp">
      <Filter>Source Files\port</Filter>
    </ClCompile>
    <ClCompile Include="..\..\..\src\pastelid\pastel_key.cpp">
      <Filter>Source Files\pastelid</Filter>
    </ClCompile>
    <ClCompile Include="..\..\..\src\mnode\ticket-txmempool.cpp">
      <Filter>Source Files\mnode</Filter>
    </ClCompile>
    <ClCompile Include="..\..\..\src\mnode\ticket-mempool-processor.cpp">
      <Filter>Source Files\mnode</Filter>
    </ClCompile>
    <ClCompile Include="..\..\..\src\mnode\rpc\tickets-register.cpp">
      <Filter>Source Files\mnode\rpc</Filter>
    </ClCompile>
    <ClCompile Include="..\..\..\src\mnode\rpc\mnode-rpc-utils.cpp">
      <Filter>Source Files\mnode\rpc</Filter>
    </ClCompile>
    <ClCompile Include="..\..\..\src\mnode\rpc\mnode-rpc.cpp">
      <Filter>Source Files\mnode\rpc</Filter>
    </ClCompile>
    <ClCompile Include="..\..\..\src\mnode\rpc\tickets-tools.cpp">
      <Filter>Source Files\mnode\rpc</Filter>
    </ClCompile>
    <ClCompile Include="..\..\..\src\mnode\rpc\tickets-fake.cpp">
      <Filter>Source Files\mnode\rpc</Filter>
    </ClCompile>
    <ClCompile Include="..\..\..\src\mnode\rpc\masternode.cpp">
      <Filter>Source Files\mnode\rpc</Filter>
    </ClCompile>
    <ClCompile Include="..\..\..\src\mnode\rpc\tickets-list.cpp">
      <Filter>Source Files\mnode\rpc</Filter>
    </ClCompile>
    <ClCompile Include="..\..\..\src\mnode\rpc\pastelid-rpc.cpp">
      <Filter>Source Files\mnode\rpc</Filter>
    </ClCompile>
  </ItemGroup>
  <ItemGroup>
    <ClInclude Include="..\..\..\src\addrman.h">
      <Filter>Source Files</Filter>
    </ClInclude>
    <ClInclude Include="..\..\..\src\alert.h">
      <Filter>Source Files</Filter>
    </ClInclude>
    <ClInclude Include="..\..\..\src\asyncrpcoperation.h">
      <Filter>Source Files</Filter>
    </ClInclude>
    <ClInclude Include="..\..\..\src\asyncrpcqueue.h">
      <Filter>Source Files</Filter>
    </ClInclude>
    <ClInclude Include="..\..\..\src\bloom.h">
      <Filter>Source Files</Filter>
    </ClInclude>
    <ClInclude Include="..\..\..\src\chain.h">
      <Filter>Source Files</Filter>
    </ClInclude>
    <ClInclude Include="..\..\..\src\checkpoints.h">
      <Filter>Source Files</Filter>
    </ClInclude>
    <ClInclude Include="..\..\..\src\deprecation.h">
      <Filter>Source Files</Filter>
    </ClInclude>
    <ClInclude Include="..\..\..\src\httprpc.h">
      <Filter>Source Files</Filter>
    </ClInclude>
    <ClInclude Include="..\..\..\src\httpserver.h">
      <Filter>Source Files</Filter>
    </ClInclude>
    <ClInclude Include="..\..\..\src\init.h">
      <Filter>Source Files</Filter>
    </ClInclude>
    <ClInclude Include="..\..\..\src\dbwrapper.h">
      <Filter>Source Files</Filter>
    </ClInclude>
    <ClInclude Include="..\..\..\src\main.h">
      <Filter>Source Files</Filter>
    </ClInclude>
    <ClInclude Include="..\..\..\src\merkleblock.h">
      <Filter>Source Files</Filter>
    </ClInclude>
    <ClInclude Include="..\..\..\src\metrics.h">
      <Filter>Source Files</Filter>
    </ClInclude>
    <ClInclude Include="..\..\..\src\miner.h">
      <Filter>Source Files</Filter>
    </ClInclude>
    <ClInclude Include="..\..\..\src\net.h">
      <Filter>Source Files</Filter>
    </ClInclude>
    <ClInclude Include="..\..\..\src\noui.h">
      <Filter>Source Files</Filter>
    </ClInclude>
    <ClInclude Include="..\..\..\src\policy\fees.h">
      <Filter>Source Files\policy</Filter>
    </ClInclude>
    <ClInclude Include="..\..\..\src\pow.h">
      <Filter>Source Files</Filter>
    </ClInclude>
    <ClInclude Include="..\..\..\src\rpc\server.h">
      <Filter>Source Files\rpc</Filter>
    </ClInclude>
    <ClInclude Include="..\..\..\src\timedata.h">
      <Filter>Source Files</Filter>
    </ClInclude>
    <ClInclude Include="..\..\..\src\torcontrol.h">
      <Filter>Source Files</Filter>
    </ClInclude>
    <ClInclude Include="..\..\..\src\txdb.h">
      <Filter>Source Files</Filter>
    </ClInclude>
    <ClInclude Include="..\..\..\src\txmempool.h">
      <Filter>Source Files</Filter>
    </ClInclude>
    <ClInclude Include="..\..\..\src\validationinterface.h">
      <Filter>Source Files</Filter>
    </ClInclude>
    <ClInclude Include="..\..\..\src\undo.h">
      <Filter>Source Files</Filter>
    </ClInclude>
    <ClInclude Include="..\..\..\src\ui_interface.h">
      <Filter>Source Files</Filter>
    </ClInclude>
    <ClInclude Include="..\..\..\src\tinyformat.h">
      <Filter>Source Files</Filter>
    </ClInclude>
    <ClInclude Include="..\..\..\src\threadsafety.h">
      <Filter>Source Files</Filter>
    </ClInclude>
    <ClInclude Include="..\..\..\src\streams.h">
      <Filter>Source Files</Filter>
    </ClInclude>
    <ClInclude Include="..\..\..\src\serialize.h">
      <Filter>Source Files</Filter>
    </ClInclude>
    <ClInclude Include="..\..\..\src\reverselock.h">
      <Filter>Source Files</Filter>
    </ClInclude>
    <ClInclude Include="..\..\..\src\prevector.h">
      <Filter>Source Files</Filter>
    </ClInclude>
    <ClInclude Include="..\..\..\src\nodehelper.h">
      <Filter>Source Files</Filter>
    </ClInclude>
    <ClInclude Include="..\..\..\src\mruset.h">
      <Filter>Source Files</Filter>
    </ClInclude>
    <ClInclude Include="..\..\..\src\memusage.h">
      <Filter>Source Files</Filter>
    </ClInclude>
    <ClInclude Include="..\..\..\src\core_memusage.h">
      <Filter>Source Files</Filter>
    </ClInclude>
    <ClInclude Include="..\..\..\src\limitedmap.h">
      <Filter>Source Files</Filter>
    </ClInclude>
    <ClInclude Include="..\..\..\src\core_io.h">
      <Filter>Source Files</Filter>
    </ClInclude>
    <ClInclude Include="..\..\..\src\compat.h">
      <Filter>Source Files</Filter>
    </ClInclude>
    <ClInclude Include="..\..\..\src\coincontrol.h">
      <Filter>Source Files</Filter>
    </ClInclude>
    <ClInclude Include="..\..\..\src\checkqueue.h">
      <Filter>Source Files</Filter>
    </ClInclude>
    <ClInclude Include="..\..\..\src\rpc\rpc_consts.h">
      <Filter>Source Files\rpc</Filter>
    </ClInclude>
    <ClInclude Include="..\..\vs\port\cyclicbarrier\cyclicbarrier.hpp">
      <Filter>Source Files\cyclicbarrier</Filter>
    </ClInclude>
    <ClInclude Include="..\..\..\src\mnode\mnode-active.h">
      <Filter>Source Files\mnode</Filter>
    </ClInclude>
    <ClInclude Include="..\..\..\src\mnode\mnode-badwords.h">
      <Filter>Source Files\mnode</Filter>
    </ClInclude>
    <ClInclude Include="..\..\..\src\mnode\mnode-config.h">
      <Filter>Source Files\mnode</Filter>
    </ClInclude>
    <ClInclude Include="..\..\..\src\mnode\mnode-consts.h">
      <Filter>Source Files\mnode</Filter>
    </ClInclude>
    <ClInclude Include="..\..\..\src\mnode\mnode-controller.h">
      <Filter>Source Files\mnode</Filter>
    </ClInclude>
    <ClInclude Include="..\..\..\src\mnode\mnode-db.h">
      <Filter>Source Files\mnode</Filter>
    </ClInclude>
    <ClInclude Include="..\..\..\src\mnode\mnode-governance.h">
      <Filter>Source Files\mnode</Filter>
    </ClInclude>
    <ClInclude Include="..\..\..\src\mnode\mnode-manager.h">
      <Filter>Source Files\mnode</Filter>
    </ClInclude>
    <ClInclude Include="..\..\..\src\mnode\mnode-masternode.h">
      <Filter>Source Files\mnode</Filter>
    </ClInclude>
    <ClInclude Include="..\..\..\src\mnode\mnode-messageproc.h">
      <Filter>Source Files\mnode</Filter>
    </ClInclude>
    <ClInclude Include="..\..\..\src\mnode\mnode-msgsigner.h">
      <Filter>Source Files\mnode</Filter>
    </ClInclude>
    <ClInclude Include="..\..\..\src\mnode\mnode-notificationinterface.h">
      <Filter>Source Files\mnode</Filter>
    </ClInclude>
    <ClInclude Include="..\..\..\src\mnode\mnode-pastel.h">
      <Filter>Source Files\mnode</Filter>
    </ClInclude>
    <ClInclude Include="..\..\..\src\mnode\mnode-payments.h">
      <Filter>Source Files\mnode</Filter>
    </ClInclude>
    <ClInclude Include="..\..\..\src\mnode\mnode-requesttracker.h">
      <Filter>Source Files\mnode</Filter>
    </ClInclude>
    <ClInclude Include="..\..\..\src\mnode\mnode-sync.h">
      <Filter>Source Files\mnode</Filter>
    </ClInclude>
    <ClInclude Include="..\..\..\src\mnode\ticket-processor.h">
      <Filter>Source Files\mnode</Filter>
    </ClInclude>
    <ClInclude Include="..\..\..\src\mnode\mnode-validation.h">
      <Filter>Source Files\mnode</Filter>
    </ClInclude>
    <ClInclude Include="..\..\..\src\mnode\ticket.h">
      <Filter>Source Files\mnode</Filter>
    </ClInclude>
    <ClInclude Include="..\..\..\src\pastelid\common.h">
      <Filter>Source Files\pastelid</Filter>
    </ClInclude>
    <ClInclude Include="..\..\..\src\pastelid\ed.h">
      <Filter>Source Files\pastelid</Filter>
    </ClInclude>
    <ClInclude Include="..\..\..\src\pastelid\pastel_key.h">
      <Filter>Source Files\pastelid</Filter>
    </ClInclude>
    <ClInclude Include="..\..\..\src\pastelid\secure_container.h">
      <Filter>Source Files\pastelid</Filter>
    </ClInclude>
    <ClInclude Include="..\..\vs\port\uint128.h">
      <Filter>Source Files\port</Filter>
    </ClInclude>
    <ClInclude Include="..\..\..\src\vector_types.h">
      <Filter>Source Files</Filter>
    </ClInclude>
    <ClInclude Include="..\..\..\src\legroast.h">
      <Filter>Source Files</Filter>
    </ClInclude>
    <ClInclude Include="..\..\..\src\mnode\ticket-txmempool.h">
      <Filter>Source Files\mnode</Filter>
    </ClInclude>
    <ClInclude Include="..\..\..\src\mnode\ticket-mempool-processor.h">
      <Filter>Source Files\mnode</Filter>
    </ClInclude>
    <ClInclude Include="..\..\..\src\txmempool_entry.h">
      <Filter>Source Files</Filter>
    </ClInclude>
    <ClInclude Include="..\..\..\src\mnode\rpc\mnode-rpc.h">
      <Filter>Source Files\mnode\rpc</Filter>
    </ClInclude>
    <ClInclude Include="..\..\..\src\mnode\rpc\mnode-rpc-utils.h">
      <Filter>Source Files\mnode\rpc</Filter>
    </ClInclude>
    <ClInclude Include="..\..\..\src\mnode\rpc\tickets-register.h">
      <Filter>Source Files\mnode\rpc</Filter>
    </ClInclude>
    <ClInclude Include="..\..\..\src\map_types.h">
      <Filter>Source Files</Filter>
    </ClInclude>
    <ClInclude Include="..\..\..\src\str_types.h">
      <Filter>Source Files</Filter>
    </ClInclude>
    <ClInclude Include="..\..\..\src\mnode\rpc\tickets-tools.h">
      <Filter>Source Files\mnode\rpc</Filter>
    </ClInclude>
    <ClInclude Include="..\..\..\src\mnode\rpc\tickets-fake.h">
      <Filter>Source Files\mnode\rpc</Filter>
    </ClInclude>
    <ClInclude Include="..\..\..\src\mnode\rpc\masternode.h">
      <Filter>Source Files\mnode\rpc</Filter>
    </ClInclude>
    <ClInclude Include="..\..\..\src\mnode\rpc\tickets-list.h">
      <Filter>Source Files\mnode\rpc</Filter>
    </ClInclude>
    <ClInclude Include="..\..\..\src\mnode\rpc\pastelid-rpc.h">
      <Filter>Source Files\mnode\rpc</Filter>
    </ClInclude>
  </ItemGroup>
</Project>